// !$*UTF8*$!
{
	archiveVersion = 1;
	classes = {
	};
	objectVersion = 42;
	objects = {

/* Begin PBXBuildFile section */
		CA5A68AE110825E500BF1BC8 /* SafariExtension.m in Sources */ = {isa = PBXBuildFile; fileRef = CA5A6873110825E500BF1BC8 /* SafariExtension.m */; };
		CA5A68AF110825E500BF1BC8 /* WebViewController.m in Sources */ = {isa = PBXBuildFile; fileRef = CA5A6875110825E500BF1BC8 /* WebViewController.m */; };
		CA5A68B0110825E500BF1BC8 /* Attribute.m in Sources */ = {isa = PBXBuildFile; fileRef = CA5A6878110825E500BF1BC8 /* Attribute.m */; };
		CA5A68B1110825E500BF1BC8 /* Context+ExecuteScript.m in Sources */ = {isa = PBXBuildFile; fileRef = CA5A687A110825E500BF1BC8 /* Context+ExecuteScript.m */; };
		CA5A68B2110825E500BF1BC8 /* Context.m in Sources */ = {isa = PBXBuildFile; fileRef = CA5A687C110825E500BF1BC8 /* Context.m */; };
		CA5A68B3110825E500BF1BC8 /* COPYING in Resources */ = {isa = PBXBuildFile; fileRef = CA5A687D110825E500BF1BC8 /* COPYING */; };
		CA5A68B4110825E500BF1BC8 /* Element+FindElement.m in Sources */ = {isa = PBXBuildFile; fileRef = CA5A687F110825E500BF1BC8 /* Element+FindElement.m */; };
		CA5A68B5110825E500BF1BC8 /* Element.m in Sources */ = {isa = PBXBuildFile; fileRef = CA5A6881110825E500BF1BC8 /* Element.m */; };
		CA5A68B6110825E500BF1BC8 /* ElementStore+FindElement.m in Sources */ = {isa = PBXBuildFile; fileRef = CA5A6883110825E500BF1BC8 /* ElementStore+FindElement.m */; };
		CA5A68B7110825E500BF1BC8 /* ElementStore.m in Sources */ = {isa = PBXBuildFile; fileRef = CA5A6885110825E500BF1BC8 /* ElementStore.m */; };
		CA5A68B8110825E500BF1BC8 /* HTTPJSONResponse.m in Sources */ = {isa = PBXBuildFile; fileRef = CA5A6887110825E500BF1BC8 /* HTTPJSONResponse.m */; };
		CA5A68B9110825E500BF1BC8 /* HTTPPNGResponse.m in Sources */ = {isa = PBXBuildFile; fileRef = CA5A6889110825E500BF1BC8 /* HTTPPNGResponse.m */; };
		CA5A68BA110825E500BF1BC8 /* HTTPResponse+Utility.m in Sources */ = {isa = PBXBuildFile; fileRef = CA5A688B110825E500BF1BC8 /* HTTPResponse+Utility.m */; };
		CA5A68BB110825E500BF1BC8 /* HTTPServerController.m in Sources */ = {isa = PBXBuildFile; fileRef = CA5A688D110825E500BF1BC8 /* HTTPServerController.m */; };
		CA5A68BC110825E500BF1BC8 /* HTTPVirtualDirectory+AccessViewController.m in Sources */ = {isa = PBXBuildFile; fileRef = CA5A688F110825E500BF1BC8 /* HTTPVirtualDirectory+AccessViewController.m */; };
		CA5A68BD110825E500BF1BC8 /* HTTPVirtualDirectory+Remove.m in Sources */ = {isa = PBXBuildFile; fileRef = CA5A6891110825E500BF1BC8 /* HTTPVirtualDirectory+Remove.m */; };
		CA5A68BE110825E500BF1BC8 /* JSONRESTResource.m in Sources */ = {isa = PBXBuildFile; fileRef = CA5A6894110825E500BF1BC8 /* JSONRESTResource.m */; };
		CA5A68C0110825E500BF1BC8 /* NSException+WebDriver.m in Sources */ = {isa = PBXBuildFile; fileRef = CA5A6897110825E500BF1BC8 /* NSException+WebDriver.m */; };
		CA5A68C1110825E500BF1BC8 /* RESTServiceMapping.m in Sources */ = {isa = PBXBuildFile; fileRef = CA5A6899110825E500BF1BC8 /* RESTServiceMapping.m */; };
		CA5A68C2110825E500BF1BC8 /* selenium-icon.png in Resources */ = {isa = PBXBuildFile; fileRef = CA5A689A110825E500BF1BC8 /* selenium-icon.png */; };
		CA5A68C3110825E500BF1BC8 /* Session.m in Sources */ = {isa = PBXBuildFile; fileRef = CA5A689C110825E500BF1BC8 /* Session.m */; };
		CA5A68C4110825E500BF1BC8 /* UIResponder+SimulateTouch.m in Sources */ = {isa = PBXBuildFile; fileRef = CA5A689E110825E500BF1BC8 /* UIResponder+SimulateTouch.m */; };
		CA5A68C5110825E500BF1BC8 /* WebDriverHTTPConnection.m in Sources */ = {isa = PBXBuildFile; fileRef = CA5A68A0110825E500BF1BC8 /* WebDriverHTTPConnection.m */; };
		CA5A68C6110825E500BF1BC8 /* WebDriverHTTPServer.m in Sources */ = {isa = PBXBuildFile; fileRef = CA5A68A2110825E500BF1BC8 /* WebDriverHTTPServer.m */; };
		CA5A68C7110825E500BF1BC8 /* WebDriverPreferences.m in Sources */ = {isa = PBXBuildFile; fileRef = CA5A68A4110825E500BF1BC8 /* WebDriverPreferences.m */; };
		CA5A68C8110825E500BF1BC8 /* WebDriverRequestFetcher.m in Sources */ = {isa = PBXBuildFile; fileRef = CA5A68A6110825E500BF1BC8 /* WebDriverRequestFetcher.m */; };
		CA5A68C9110825E500BF1BC8 /* WebDriverResource.m in Sources */ = {isa = PBXBuildFile; fileRef = CA5A68A8110825E500BF1BC8 /* WebDriverResource.m */; };
		CA5A68CA110825E500BF1BC8 /* WebDriverResponse.m in Sources */ = {isa = PBXBuildFile; fileRef = CA5A68AA110825E500BF1BC8 /* WebDriverResponse.m */; };
		CA5A68CB110825E500BF1BC8 /* WebDriverUtilities.m in Sources */ = {isa = PBXBuildFile; fileRef = CA5A68AC110825E500BF1BC8 /* WebDriverUtilities.m */; };
		CA5A68D81108262400BF1BC8 /* libCocoaHTTPServer.a in Frameworks */ = {isa = PBXBuildFile; fileRef = CA5A68D71108261D00BF1BC8 /* libCocoaHTTPServer.a */; };
		CA5A69231108360500BF1BC8 /* WebKit.framework in Frameworks */ = {isa = PBXBuildFile; fileRef = CA5A69221108360500BF1BC8 /* WebKit.framework */; };
		CA5DFD941112BD6600DCE78D /* libjson.a in Frameworks */ = {isa = PBXBuildFile; fileRef = CA5DFD671112BD0F00DCE78D /* libjson.a */; };
		D8F6C985110D6B19009DADFF /* BundleInjector.m in Sources */ = {isa = PBXBuildFile; fileRef = D8F6C984110D6B19009DADFF /* BundleInjector.m */; };
		D8F6CA48110D6C5D009DADFF /* BundleInjector.dylib in CopyFiles */ = {isa = PBXBuildFile; fileRef = D8F6C97E110D6AE8009DADFF /* BundleInjector.dylib */; };
		D8F6CBE5110E596E009DADFF /* libcrypto.dylib in Frameworks */ = {isa = PBXBuildFile; fileRef = D8F6CBE4110E596E009DADFF /* libcrypto.dylib */; };
/* End PBXBuildFile section */

/* Begin PBXContainerItemProxy section */
		CA5A68D61108261D00BF1BC8 /* PBXContainerItemProxy */ = {
			isa = PBXContainerItemProxy;
			containerPortal = CA5A68CF1108261D00BF1BC8 /* CocoaHTTPServerLibrary.xcodeproj */;
			proxyType = 2;
			remoteGlobalIDString = 8319631B0F28464E005D1D21;
			remoteInfo = CocoaHTTPServer;
		};
		CA5DFD621112BD0F00DCE78D /* PBXContainerItemProxy */ = {
			isa = PBXContainerItemProxy;
			containerPortal = CA5DFD561112BD0F00DCE78D /* JSON.xcodeproj */;
			proxyType = 2;
			remoteGlobalIDString = 53D229810C96121600276605 /* JSON.framework */;
			remoteInfo = JSON;
		};
		CA5DFD641112BD0F00DCE78D /* PBXContainerItemProxy */ = {
			isa = PBXContainerItemProxy;
			containerPortal = CA5DFD561112BD0F00DCE78D /* JSON.xcodeproj */;
			proxyType = 2;
			remoteGlobalIDString = 53D2298D0C96122A00276605 /* Tests.octest */;
			remoteInfo = Tests;
		};
		CA5DFD661112BD0F00DCE78D /* PBXContainerItemProxy */ = {
			isa = PBXContainerItemProxy;
			containerPortal = CA5DFD561112BD0F00DCE78D /* JSON.xcodeproj */;
			proxyType = 2;
			remoteGlobalIDString = FE2BBD800D8B0D3900184787 /* libjson.a */;
			remoteInfo = libjson;
		};
		CA5DFD681112BD0F00DCE78D /* PBXContainerItemProxy */ = {
			isa = PBXContainerItemProxy;
			containerPortal = CA5DFD561112BD0F00DCE78D /* JSON.xcodeproj */;
			proxyType = 2;
			remoteGlobalIDString = FE2BBDAB0D8B0EE000184787 /* libjsontests.octest */;
			remoteInfo = libjsontests;
		};
		CA5DFD6A1112BD0F00DCE78D /* PBXContainerItemProxy */ = {
			isa = PBXContainerItemProxy;
			containerPortal = CA5DFD561112BD0F00DCE78D /* JSON.xcodeproj */;
			proxyType = 2;
			remoteGlobalIDString = 53EF4D400DC247B3005F5E6D /* bench */;
			remoteInfo = bench;
		};
		CA5DFDC11112BEEC00DCE78D /* PBXContainerItemProxy */ = {
			isa = PBXContainerItemProxy;
			containerPortal = CA5DFD561112BD0F00DCE78D /* JSON.xcodeproj */;
			proxyType = 1;
			remoteGlobalIDString = FE2BBD7F0D8B0D3900184787 /* libjson */;
			remoteInfo = libjson;
		};
		D8F6C62C110C970A009DADFF /* PBXContainerItemProxy */ = {
			isa = PBXContainerItemProxy;
			containerPortal = CA5A68CF1108261D00BF1BC8 /* CocoaHTTPServerLibrary.xcodeproj */;
			proxyType = 1;
			remoteGlobalIDString = 8319631A0F28464E005D1D21;
			remoteInfo = CocoaHTTPServer;
		};
/* End PBXContainerItemProxy section */

/* Begin PBXCopyFilesBuildPhase section */
		D8F6CA54110D6C64009DADFF /* CopyFiles */ = {
			isa = PBXCopyFilesBuildPhase;
			buildActionMask = 2147483647;
			dstPath = "";
			dstSubfolderSpec = 12;
			files = (
				D8F6CA48110D6C5D009DADFF /* BundleInjector.dylib in CopyFiles */,
			);
			runOnlyForDeploymentPostprocessing = 0;
		};
/* End PBXCopyFilesBuildPhase section */

/* Begin PBXFileReference section */
		CA5A6872110825E500BF1BC8 /* SafariExtension.h */ = {isa = PBXFileReference; fileEncoding = 4; lastKnownFileType = sourcecode.c.h; path = SafariExtension.h; sourceTree = "<group>"; };
		CA5A6873110825E500BF1BC8 /* SafariExtension.m */ = {isa = PBXFileReference; fileEncoding = 4; lastKnownFileType = sourcecode.c.objc; path = SafariExtension.m; sourceTree = "<group>"; };
		CA5A6874110825E500BF1BC8 /* WebViewController.h */ = {isa = PBXFileReference; fileEncoding = 4; lastKnownFileType = sourcecode.c.h; path = WebViewController.h; sourceTree = "<group>"; };
		CA5A6875110825E500BF1BC8 /* WebViewController.m */ = {isa = PBXFileReference; fileEncoding = 4; lastKnownFileType = sourcecode.c.objc; path = WebViewController.m; sourceTree = "<group>"; };
		CA5A6877110825E500BF1BC8 /* Attribute.h */ = {isa = PBXFileReference; fileEncoding = 4; lastKnownFileType = sourcecode.c.h; path = Attribute.h; sourceTree = "<group>"; };
		CA5A6878110825E500BF1BC8 /* Attribute.m */ = {isa = PBXFileReference; fileEncoding = 4; lastKnownFileType = sourcecode.c.objc; path = Attribute.m; sourceTree = "<group>"; };
		CA5A6879110825E500BF1BC8 /* Context+ExecuteScript.h */ = {isa = PBXFileReference; fileEncoding = 4; lastKnownFileType = sourcecode.c.h; path = "Context+ExecuteScript.h"; sourceTree = "<group>"; };
		CA5A687A110825E500BF1BC8 /* Context+ExecuteScript.m */ = {isa = PBXFileReference; fileEncoding = 4; lastKnownFileType = sourcecode.c.objc; path = "Context+ExecuteScript.m"; sourceTree = "<group>"; };
		CA5A687B110825E500BF1BC8 /* Context.h */ = {isa = PBXFileReference; fileEncoding = 4; lastKnownFileType = sourcecode.c.h; path = Context.h; sourceTree = "<group>"; };
		CA5A687C110825E500BF1BC8 /* Context.m */ = {isa = PBXFileReference; fileEncoding = 4; lastKnownFileType = sourcecode.c.objc; path = Context.m; sourceTree = "<group>"; };
		CA5A687D110825E500BF1BC8 /* COPYING */ = {isa = PBXFileReference; fileEncoding = 4; lastKnownFileType = text; path = COPYING; sourceTree = "<group>"; };
		CA5A687E110825E500BF1BC8 /* Element+FindElement.h */ = {isa = PBXFileReference; fileEncoding = 4; lastKnownFileType = sourcecode.c.h; path = "Element+FindElement.h"; sourceTree = "<group>"; };
		CA5A687F110825E500BF1BC8 /* Element+FindElement.m */ = {isa = PBXFileReference; fileEncoding = 4; lastKnownFileType = sourcecode.c.objc; path = "Element+FindElement.m"; sourceTree = "<group>"; };
		CA5A6880110825E500BF1BC8 /* Element.h */ = {isa = PBXFileReference; fileEncoding = 4; lastKnownFileType = sourcecode.c.h; path = Element.h; sourceTree = "<group>"; };
		CA5A6881110825E500BF1BC8 /* Element.m */ = {isa = PBXFileReference; fileEncoding = 4; lastKnownFileType = sourcecode.c.objc; path = Element.m; sourceTree = "<group>"; };
		CA5A6882110825E500BF1BC8 /* ElementStore+FindElement.h */ = {isa = PBXFileReference; fileEncoding = 4; lastKnownFileType = sourcecode.c.h; path = "ElementStore+FindElement.h"; sourceTree = "<group>"; };
		CA5A6883110825E500BF1BC8 /* ElementStore+FindElement.m */ = {isa = PBXFileReference; fileEncoding = 4; lastKnownFileType = sourcecode.c.objc; path = "ElementStore+FindElement.m"; sourceTree = "<group>"; };
		CA5A6884110825E500BF1BC8 /* ElementStore.h */ = {isa = PBXFileReference; fileEncoding = 4; lastKnownFileType = sourcecode.c.h; path = ElementStore.h; sourceTree = "<group>"; };
		CA5A6885110825E500BF1BC8 /* ElementStore.m */ = {isa = PBXFileReference; fileEncoding = 4; lastKnownFileType = sourcecode.c.objc; path = ElementStore.m; sourceTree = "<group>"; };
		CA5A6886110825E500BF1BC8 /* HTTPJSONResponse.h */ = {isa = PBXFileReference; fileEncoding = 4; lastKnownFileType = sourcecode.c.h; path = HTTPJSONResponse.h; sourceTree = "<group>"; };
		CA5A6887110825E500BF1BC8 /* HTTPJSONResponse.m */ = {isa = PBXFileReference; fileEncoding = 4; lastKnownFileType = sourcecode.c.objc; path = HTTPJSONResponse.m; sourceTree = "<group>"; };
		CA5A6888110825E500BF1BC8 /* HTTPPNGResponse.h */ = {isa = PBXFileReference; fileEncoding = 4; lastKnownFileType = sourcecode.c.h; path = HTTPPNGResponse.h; sourceTree = "<group>"; };
		CA5A6889110825E500BF1BC8 /* HTTPPNGResponse.m */ = {isa = PBXFileReference; fileEncoding = 4; lastKnownFileType = sourcecode.c.objc; path = HTTPPNGResponse.m; sourceTree = "<group>"; };
		CA5A688A110825E500BF1BC8 /* HTTPResponse+Utility.h */ = {isa = PBXFileReference; fileEncoding = 4; lastKnownFileType = sourcecode.c.h; path = "HTTPResponse+Utility.h"; sourceTree = "<group>"; };
		CA5A688B110825E500BF1BC8 /* HTTPResponse+Utility.m */ = {isa = PBXFileReference; fileEncoding = 4; lastKnownFileType = sourcecode.c.objc; path = "HTTPResponse+Utility.m"; sourceTree = "<group>"; };
		CA5A688C110825E500BF1BC8 /* HTTPServerController.h */ = {isa = PBXFileReference; fileEncoding = 4; lastKnownFileType = sourcecode.c.h; path = HTTPServerController.h; sourceTree = "<group>"; };
		CA5A688D110825E500BF1BC8 /* HTTPServerController.m */ = {isa = PBXFileReference; fileEncoding = 4; lastKnownFileType = sourcecode.c.objc; path = HTTPServerController.m; sourceTree = "<group>"; };
		CA5A688E110825E500BF1BC8 /* HTTPVirtualDirectory+AccessViewController.h */ = {isa = PBXFileReference; fileEncoding = 4; lastKnownFileType = sourcecode.c.h; path = "HTTPVirtualDirectory+AccessViewController.h"; sourceTree = "<group>"; };
		CA5A688F110825E500BF1BC8 /* HTTPVirtualDirectory+AccessViewController.m */ = {isa = PBXFileReference; fileEncoding = 4; lastKnownFileType = sourcecode.c.objc; path = "HTTPVirtualDirectory+AccessViewController.m"; sourceTree = "<group>"; };
		CA5A6890110825E500BF1BC8 /* HTTPVirtualDirectory+Remove.h */ = {isa = PBXFileReference; fileEncoding = 4; lastKnownFileType = sourcecode.c.h; path = "HTTPVirtualDirectory+Remove.h"; sourceTree = "<group>"; };
		CA5A6891110825E500BF1BC8 /* HTTPVirtualDirectory+Remove.m */ = {isa = PBXFileReference; fileEncoding = 4; lastKnownFileType = sourcecode.c.objc; path = "HTTPVirtualDirectory+Remove.m"; sourceTree = "<group>"; };
		CA5A6892110825E500BF1BC8 /* iWebDriver_Prefix.pch */ = {isa = PBXFileReference; fileEncoding = 4; lastKnownFileType = sourcecode.c.h; path = iWebDriver_Prefix.pch; sourceTree = "<group>"; };
		CA5A6893110825E500BF1BC8 /* JSONRESTResource.h */ = {isa = PBXFileReference; fileEncoding = 4; lastKnownFileType = sourcecode.c.h; path = JSONRESTResource.h; sourceTree = "<group>"; };
		CA5A6894110825E500BF1BC8 /* JSONRESTResource.m */ = {isa = PBXFileReference; fileEncoding = 4; lastKnownFileType = sourcecode.c.objc; path = JSONRESTResource.m; sourceTree = "<group>"; };
		CA5A6896110825E500BF1BC8 /* NSException+WebDriver.h */ = {isa = PBXFileReference; fileEncoding = 4; lastKnownFileType = sourcecode.c.h; path = "NSException+WebDriver.h"; sourceTree = "<group>"; };
		CA5A6897110825E500BF1BC8 /* NSException+WebDriver.m */ = {isa = PBXFileReference; fileEncoding = 4; lastKnownFileType = sourcecode.c.objc; path = "NSException+WebDriver.m"; sourceTree = "<group>"; };
		CA5A6898110825E500BF1BC8 /* RESTServiceMapping.h */ = {isa = PBXFileReference; fileEncoding = 4; lastKnownFileType = sourcecode.c.h; path = RESTServiceMapping.h; sourceTree = "<group>"; };
		CA5A6899110825E500BF1BC8 /* RESTServiceMapping.m */ = {isa = PBXFileReference; fileEncoding = 4; lastKnownFileType = sourcecode.c.objc; path = RESTServiceMapping.m; sourceTree = "<group>"; };
		CA5A689A110825E500BF1BC8 /* selenium-icon.png */ = {isa = PBXFileReference; lastKnownFileType = image.png; path = "selenium-icon.png"; sourceTree = "<group>"; };
		CA5A689B110825E500BF1BC8 /* Session.h */ = {isa = PBXFileReference; fileEncoding = 4; lastKnownFileType = sourcecode.c.h; path = Session.h; sourceTree = "<group>"; };
		CA5A689C110825E500BF1BC8 /* Session.m */ = {isa = PBXFileReference; fileEncoding = 4; lastKnownFileType = sourcecode.c.objc; path = Session.m; sourceTree = "<group>"; };
		CA5A689D110825E500BF1BC8 /* UIResponder+SimulateTouch.h */ = {isa = PBXFileReference; fileEncoding = 4; lastKnownFileType = sourcecode.c.h; path = "UIResponder+SimulateTouch.h"; sourceTree = "<group>"; };
		CA5A689E110825E500BF1BC8 /* UIResponder+SimulateTouch.m */ = {isa = PBXFileReference; fileEncoding = 4; lastKnownFileType = sourcecode.c.objc; path = "UIResponder+SimulateTouch.m"; sourceTree = "<group>"; };
		CA5A689F110825E500BF1BC8 /* WebDriverHTTPConnection.h */ = {isa = PBXFileReference; fileEncoding = 4; lastKnownFileType = sourcecode.c.h; path = WebDriverHTTPConnection.h; sourceTree = "<group>"; };
		CA5A68A0110825E500BF1BC8 /* WebDriverHTTPConnection.m */ = {isa = PBXFileReference; fileEncoding = 4; lastKnownFileType = sourcecode.c.objc; path = WebDriverHTTPConnection.m; sourceTree = "<group>"; };
		CA5A68A1110825E500BF1BC8 /* WebDriverHTTPServer.h */ = {isa = PBXFileReference; fileEncoding = 4; lastKnownFileType = sourcecode.c.h; path = WebDriverHTTPServer.h; sourceTree = "<group>"; };
		CA5A68A2110825E500BF1BC8 /* WebDriverHTTPServer.m */ = {isa = PBXFileReference; fileEncoding = 4; lastKnownFileType = sourcecode.c.objc; path = WebDriverHTTPServer.m; sourceTree = "<group>"; };
		CA5A68A3110825E500BF1BC8 /* WebDriverPreferences.h */ = {isa = PBXFileReference; fileEncoding = 4; lastKnownFileType = sourcecode.c.h; path = WebDriverPreferences.h; sourceTree = "<group>"; };
		CA5A68A4110825E500BF1BC8 /* WebDriverPreferences.m */ = {isa = PBXFileReference; fileEncoding = 4; lastKnownFileType = sourcecode.c.objc; path = WebDriverPreferences.m; sourceTree = "<group>"; };
		CA5A68A5110825E500BF1BC8 /* WebDriverRequestFetcher.h */ = {isa = PBXFileReference; fileEncoding = 4; lastKnownFileType = sourcecode.c.h; path = WebDriverRequestFetcher.h; sourceTree = "<group>"; };
		CA5A68A6110825E500BF1BC8 /* WebDriverRequestFetcher.m */ = {isa = PBXFileReference; fileEncoding = 4; lastKnownFileType = sourcecode.c.objc; path = WebDriverRequestFetcher.m; sourceTree = "<group>"; };
		CA5A68A7110825E500BF1BC8 /* WebDriverResource.h */ = {isa = PBXFileReference; fileEncoding = 4; lastKnownFileType = sourcecode.c.h; path = WebDriverResource.h; sourceTree = "<group>"; };
		CA5A68A8110825E500BF1BC8 /* WebDriverResource.m */ = {isa = PBXFileReference; fileEncoding = 4; lastKnownFileType = sourcecode.c.objc; path = WebDriverResource.m; sourceTree = "<group>"; };
		CA5A68A9110825E500BF1BC8 /* WebDriverResponse.h */ = {isa = PBXFileReference; fileEncoding = 4; lastKnownFileType = sourcecode.c.h; path = WebDriverResponse.h; sourceTree = "<group>"; };
		CA5A68AA110825E500BF1BC8 /* WebDriverResponse.m */ = {isa = PBXFileReference; fileEncoding = 4; lastKnownFileType = sourcecode.c.objc; path = WebDriverResponse.m; sourceTree = "<group>"; };
		CA5A68AB110825E500BF1BC8 /* WebDriverUtilities.h */ = {isa = PBXFileReference; fileEncoding = 4; lastKnownFileType = sourcecode.c.h; path = WebDriverUtilities.h; sourceTree = "<group>"; };
		CA5A68AC110825E500BF1BC8 /* WebDriverUtilities.m */ = {isa = PBXFileReference; fileEncoding = 4; lastKnownFileType = sourcecode.c.objc; path = WebDriverUtilities.m; sourceTree = "<group>"; };
		CA5A68CF1108261D00BF1BC8 /* CocoaHTTPServerLibrary.xcodeproj */ = {isa = PBXFileReference; lastKnownFileType = "wrapper.pb-project"; name = CocoaHTTPServerLibrary.xcodeproj; path = "lib/buildtime-src/cocoahttpserver/CocoaHTTPServerLibrary.xcodeproj"; sourceTree = "<group>"; };
		CA5A6906110833FB00BF1BC8 /* SafariExtension.bundle */ = {isa = PBXFileReference; explicitFileType = wrapper.cfbundle; includeInIndex = 0; path = SafariExtension.bundle; sourceTree = BUILT_PRODUCTS_DIR; };
		CA5A69221108360500BF1BC8 /* WebKit.framework */ = {isa = PBXFileReference; lastKnownFileType = wrapper.framework; name = WebKit.framework; path = /System/Library/Frameworks/WebKit.framework; sourceTree = "<absolute>"; };
		CA5DFD561112BD0F00DCE78D /* JSON.xcodeproj */ = {isa = PBXFileReference; lastKnownFileType = "wrapper.pb-project"; name = JSON.xcodeproj; path = "lib/buildtime-src/json-framework/project/JSON.xcodeproj"; sourceTree = "<group>"; };
		D8F6C97E110D6AE8009DADFF /* BundleInjector.dylib */ = {isa = PBXFileReference; explicitFileType = "compiled.mach-o.dylib"; includeInIndex = 0; path = BundleInjector.dylib; sourceTree = BUILT_PRODUCTS_DIR; };
		D8F6C984110D6B19009DADFF /* BundleInjector.m */ = {isa = PBXFileReference; fileEncoding = 4; lastKnownFileType = sourcecode.c.objc; path = BundleInjector.m; sourceTree = "<group>"; };
		D8F6CAAC110E42D3009DADFF /* SafariExtensionTest-Info.plist */ = {isa = PBXFileReference; lastKnownFileType = text.plist.xml; path = "SafariExtensionTest-Info.plist"; sourceTree = "<group>"; };
		D8F6CBE4110E596E009DADFF /* libcrypto.dylib */ = {isa = PBXFileReference; lastKnownFileType = "compiled.mach-o.dylib"; name = libcrypto.dylib; path = /usr/lib/libcrypto.dylib; sourceTree = "<absolute>"; };
/* End PBXFileReference section */

/* Begin PBXFrameworksBuildPhase section */
		CABBA6D51075EA0500BABE9A /* Frameworks */ = {
			isa = PBXFrameworksBuildPhase;
			buildActionMask = 2147483647;
			files = (
				CA5A68D81108262400BF1BC8 /* libCocoaHTTPServer.a in Frameworks */,
				CA5A69231108360500BF1BC8 /* WebKit.framework in Frameworks */,
				D8F6CBE5110E596E009DADFF /* libcrypto.dylib in Frameworks */,
				CA5DFD941112BD6600DCE78D /* libjson.a in Frameworks */,
			);
			runOnlyForDeploymentPostprocessing = 0;
		};
		D8F6C97C110D6AE8009DADFF /* Frameworks */ = {
			isa = PBXFrameworksBuildPhase;
			buildActionMask = 2147483647;
			files = (
			);
			runOnlyForDeploymentPostprocessing = 0;
		};
/* End PBXFrameworksBuildPhase section */

/* Begin PBXGroup section */
		CA5A6871110825E500BF1BC8 /* extension */ = {
			isa = PBXGroup;
			children = (
				CA5A6872110825E500BF1BC8 /* SafariExtension.h */,
				CA5A6873110825E500BF1BC8 /* SafariExtension.m */,
				CA5A6874110825E500BF1BC8 /* WebViewController.h */,
				CA5A6875110825E500BF1BC8 /* WebViewController.m */,
			);
			name = extension;
			path = src/objc/extension;
			sourceTree = "<group>";
		};
		CA5A6876110825E500BF1BC8 /* httpserver */ = {
			isa = PBXGroup;
			children = (
				CA5A6877110825E500BF1BC8 /* Attribute.h */,
				CA5A6878110825E500BF1BC8 /* Attribute.m */,
				CA5A6879110825E500BF1BC8 /* Context+ExecuteScript.h */,
				CA5A687A110825E500BF1BC8 /* Context+ExecuteScript.m */,
				CA5A687B110825E500BF1BC8 /* Context.h */,
				CA5A687C110825E500BF1BC8 /* Context.m */,
				CA5A687D110825E500BF1BC8 /* COPYING */,
				CA5A687E110825E500BF1BC8 /* Element+FindElement.h */,
				CA5A687F110825E500BF1BC8 /* Element+FindElement.m */,
				CA5A6880110825E500BF1BC8 /* Element.h */,
				CA5A6881110825E500BF1BC8 /* Element.m */,
				CA5A6882110825E500BF1BC8 /* ElementStore+FindElement.h */,
				CA5A6883110825E500BF1BC8 /* ElementStore+FindElement.m */,
				CA5A6884110825E500BF1BC8 /* ElementStore.h */,
				CA5A6885110825E500BF1BC8 /* ElementStore.m */,
				CA5A6886110825E500BF1BC8 /* HTTPJSONResponse.h */,
				CA5A6887110825E500BF1BC8 /* HTTPJSONResponse.m */,
				CA5A6888110825E500BF1BC8 /* HTTPPNGResponse.h */,
				CA5A6889110825E500BF1BC8 /* HTTPPNGResponse.m */,
				CA5A688A110825E500BF1BC8 /* HTTPResponse+Utility.h */,
				CA5A688B110825E500BF1BC8 /* HTTPResponse+Utility.m */,
				CA5A688C110825E500BF1BC8 /* HTTPServerController.h */,
				CA5A688D110825E500BF1BC8 /* HTTPServerController.m */,
				CA5A688E110825E500BF1BC8 /* HTTPVirtualDirectory+AccessViewController.h */,
				CA5A688F110825E500BF1BC8 /* HTTPVirtualDirectory+AccessViewController.m */,
				CA5A6890110825E500BF1BC8 /* HTTPVirtualDirectory+Remove.h */,
				CA5A6891110825E500BF1BC8 /* HTTPVirtualDirectory+Remove.m */,
				CA5A6892110825E500BF1BC8 /* iWebDriver_Prefix.pch */,
				CA5A6893110825E500BF1BC8 /* JSONRESTResource.h */,
				CA5A6894110825E500BF1BC8 /* JSONRESTResource.m */,
				CA5A6896110825E500BF1BC8 /* NSException+WebDriver.h */,
				CA5A6897110825E500BF1BC8 /* NSException+WebDriver.m */,
				CA5A6898110825E500BF1BC8 /* RESTServiceMapping.h */,
				CA5A6899110825E500BF1BC8 /* RESTServiceMapping.m */,
				CA5A689A110825E500BF1BC8 /* selenium-icon.png */,
				CA5A689B110825E500BF1BC8 /* Session.h */,
				CA5A689C110825E500BF1BC8 /* Session.m */,
				CA5A689D110825E500BF1BC8 /* UIResponder+SimulateTouch.h */,
				CA5A689E110825E500BF1BC8 /* UIResponder+SimulateTouch.m */,
				CA5A689F110825E500BF1BC8 /* WebDriverHTTPConnection.h */,
				CA5A68A0110825E500BF1BC8 /* WebDriverHTTPConnection.m */,
				CA5A68A1110825E500BF1BC8 /* WebDriverHTTPServer.h */,
				CA5A68A2110825E500BF1BC8 /* WebDriverHTTPServer.m */,
				CA5A68A3110825E500BF1BC8 /* WebDriverPreferences.h */,
				CA5A68A4110825E500BF1BC8 /* WebDriverPreferences.m */,
				CA5A68A5110825E500BF1BC8 /* WebDriverRequestFetcher.h */,
				CA5A68A6110825E500BF1BC8 /* WebDriverRequestFetcher.m */,
				CA5A68A7110825E500BF1BC8 /* WebDriverResource.h */,
				CA5A68A8110825E500BF1BC8 /* WebDriverResource.m */,
				CA5A68A9110825E500BF1BC8 /* WebDriverResponse.h */,
				CA5A68AA110825E500BF1BC8 /* WebDriverResponse.m */,
				CA5A68AB110825E500BF1BC8 /* WebDriverUtilities.h */,
				CA5A68AC110825E500BF1BC8 /* WebDriverUtilities.m */,
			);
			name = httpserver;
			path = src/objc/httpserver;
			sourceTree = "<group>";
		};
		CA5A68AD110825E500BF1BC8 /* loader */ = {
			isa = PBXGroup;
			children = (
				D8F6C984110D6B19009DADFF /* BundleInjector.m */,
			);
			name = loader;
			path = src/objc/loader;
			sourceTree = "<group>";
		};
		CA5A68D01108261D00BF1BC8 /* Products */ = {
			isa = PBXGroup;
			children = (
				CA5A68D71108261D00BF1BC8 /* libCocoaHTTPServer.a */,
			);
			name = Products;
			sourceTree = "<group>";
		};
		CA5DFD571112BD0F00DCE78D /* Products */ = {
			isa = PBXGroup;
			children = (
				CA5DFD631112BD0F00DCE78D /* JSON.framework */,
				CA5DFD651112BD0F00DCE78D /* Tests.octest */,
				CA5DFD671112BD0F00DCE78D /* libjson.a */,
				CA5DFD691112BD0F00DCE78D /* libjsontests.octest */,
				CA5DFD6B1112BD0F00DCE78D /* bench */,
			);
			name = Products;
			sourceTree = "<group>";
		};
		CABBA68A1075E46400BABE9A = {
			isa = PBXGroup;
			children = (
				CA5DFD561112BD0F00DCE78D /* JSON.xcodeproj */,
				CA5A68CF1108261D00BF1BC8 /* CocoaHTTPServerLibrary.xcodeproj */,
				CA5A6871110825E500BF1BC8 /* extension */,
				CA5A6876110825E500BF1BC8 /* httpserver */,
				CA5A68AD110825E500BF1BC8 /* loader */,
				CABBA6D81075EA0500BABE9A /* Products */,
				CA5A69221108360500BF1BC8 /* WebKit.framework */,
				D8F6CAAC110E42D3009DADFF /* SafariExtensionTest-Info.plist */,
				D8F6CBE4110E596E009DADFF /* libcrypto.dylib */,
			);
			sourceTree = "<group>";
		};
		CABBA6D81075EA0500BABE9A /* Products */ = {
			isa = PBXGroup;
			children = (
				CA5A6906110833FB00BF1BC8 /* SafariExtension.bundle */,
				D8F6C97E110D6AE8009DADFF /* BundleInjector.dylib */,
			);
			name = Products;
			sourceTree = "<group>";
		};
/* End PBXGroup section */

/* Begin PBXHeadersBuildPhase section */
		D8F6C97A110D6AE8009DADFF /* Headers */ = {
			isa = PBXHeadersBuildPhase;
			buildActionMask = 2147483647;
			files = (
			);
			runOnlyForDeploymentPostprocessing = 0;
		};
/* End PBXHeadersBuildPhase section */

/* Begin PBXNativeTarget section */
		CABBA6D61075EA0500BABE9A /* SafariExtension */ = {
			isa = PBXNativeTarget;
			buildConfigurationList = CABBA6DD1075EA0600BABE9A /* Build configuration list for PBXNativeTarget "SafariExtension" */;
			buildPhases = (
				CABBA6D31075EA0500BABE9A /* Resources */,
				CABBA6D41075EA0500BABE9A /* Sources */,
				CABBA6D51075EA0500BABE9A /* Frameworks */,
				D8F6CA54110D6C64009DADFF /* CopyFiles */,
			);
			buildRules = (
			);
			dependencies = (
				D8F6C62D110C970A009DADFF /* PBXTargetDependency */,
				CA5DFDC21112BEEC00DCE78D /* PBXTargetDependency */,
			);
			name = SafariExtension;
			productName = SafariExtension;
			productReference = CA5A6906110833FB00BF1BC8 /* SafariExtension.bundle */;
			productType = "com.apple.product-type.bundle";
		};
		D8F6C97D110D6AE8009DADFF /* BundleInjector */ = {
			isa = PBXNativeTarget;
			buildConfigurationList = D8F6C983110D6AF9009DADFF /* Build configuration list for PBXNativeTarget "BundleInjector" */;
			buildPhases = (
				D8F6C97A110D6AE8009DADFF /* Headers */,
				D8F6C97B110D6AE8009DADFF /* Sources */,
				D8F6C97C110D6AE8009DADFF /* Frameworks */,
			);
			buildRules = (
			);
			dependencies = (
			);
			name = BundleInjector;
			productName = BundleInjector;
			productReference = D8F6C97E110D6AE8009DADFF /* BundleInjector.dylib */;
			productType = "com.apple.product-type.library.dynamic";
		};
/* End PBXNativeTarget section */

/* Begin PBXProject section */
		CABBA68C1075E46400BABE9A /* Project object */ = {
			isa = PBXProject;
			buildConfigurationList = CABBA68F1075E46400BABE9A /* Build configuration list for PBXProject "SafariDriver" */;
			compatibilityVersion = "Xcode 2.4";
			hasScannedForEncodings = 0;
			mainGroup = CABBA68A1075E46400BABE9A;
			productRefGroup = CABBA6D81075EA0500BABE9A /* Products */;
			projectDirPath = "";
			projectReferences = (
				{
					ProductGroup = CA5A68D01108261D00BF1BC8 /* Products */;
					ProjectRef = CA5A68CF1108261D00BF1BC8 /* CocoaHTTPServerLibrary.xcodeproj */;
				},
				{
					ProductGroup = CA5DFD571112BD0F00DCE78D /* Products */;
					ProjectRef = CA5DFD561112BD0F00DCE78D /* JSON.xcodeproj */;
				},
			);
			projectRoot = "";
			targets = (
				CABBA6D61075EA0500BABE9A /* SafariExtension */,
				D8F6C97D110D6AE8009DADFF /* BundleInjector */,
			);
		};
/* End PBXProject section */

/* Begin PBXReferenceProxy section */
		CA5A68D71108261D00BF1BC8 /* libCocoaHTTPServer.a */ = {
			isa = PBXReferenceProxy;
			fileType = archive.ar;
			path = libCocoaHTTPServer.a;
			remoteRef = CA5A68D61108261D00BF1BC8 /* PBXContainerItemProxy */;
			sourceTree = BUILT_PRODUCTS_DIR;
		};
		CA5DFD631112BD0F00DCE78D /* JSON.framework */ = {
			isa = PBXReferenceProxy;
			fileType = wrapper.framework;
			path = JSON.framework;
			remoteRef = CA5DFD621112BD0F00DCE78D /* PBXContainerItemProxy */;
			sourceTree = BUILT_PRODUCTS_DIR;
		};
		CA5DFD651112BD0F00DCE78D /* Tests.octest */ = {
			isa = PBXReferenceProxy;
			fileType = wrapper.cfbundle;
			path = Tests.octest;
			remoteRef = CA5DFD641112BD0F00DCE78D /* PBXContainerItemProxy */;
			sourceTree = BUILT_PRODUCTS_DIR;
		};
		CA5DFD671112BD0F00DCE78D /* libjson.a */ = {
			isa = PBXReferenceProxy;
			fileType = archive.ar;
			path = libjson.a;
			remoteRef = CA5DFD661112BD0F00DCE78D /* PBXContainerItemProxy */;
			sourceTree = BUILT_PRODUCTS_DIR;
		};
		CA5DFD691112BD0F00DCE78D /* libjsontests.octest */ = {
			isa = PBXReferenceProxy;
			fileType = wrapper.cfbundle;
			path = libjsontests.octest;
			remoteRef = CA5DFD681112BD0F00DCE78D /* PBXContainerItemProxy */;
			sourceTree = BUILT_PRODUCTS_DIR;
		};
		CA5DFD6B1112BD0F00DCE78D /* bench */ = {
			isa = PBXReferenceProxy;
			fileType = "compiled.mach-o.executable";
			path = bench;
			remoteRef = CA5DFD6A1112BD0F00DCE78D /* PBXContainerItemProxy */;
			sourceTree = BUILT_PRODUCTS_DIR;
		};
/* End PBXReferenceProxy section */

/* Begin PBXResourcesBuildPhase section */
		CABBA6D31075EA0500BABE9A /* Resources */ = {
			isa = PBXResourcesBuildPhase;
			buildActionMask = 2147483647;
			files = (
				CA5A68B3110825E500BF1BC8 /* COPYING in Resources */,
				CA5A68C2110825E500BF1BC8 /* selenium-icon.png in Resources */,
			);
			runOnlyForDeploymentPostprocessing = 0;
		};
/* End PBXResourcesBuildPhase section */

/* Begin PBXSourcesBuildPhase section */
		CABBA6D41075EA0500BABE9A /* Sources */ = {
			isa = PBXSourcesBuildPhase;
			buildActionMask = 2147483647;
			files = (
				CA5A68AE110825E500BF1BC8 /* SafariExtension.m in Sources */,
				CA5A68AF110825E500BF1BC8 /* WebViewController.m in Sources */,
				CA5A68B0110825E500BF1BC8 /* Attribute.m in Sources */,
				CA5A68B1110825E500BF1BC8 /* Context+ExecuteScript.m in Sources */,
				CA5A68B2110825E500BF1BC8 /* Context.m in Sources */,
				CA5A68B4110825E500BF1BC8 /* Element+FindElement.m in Sources */,
				CA5A68B5110825E500BF1BC8 /* Element.m in Sources */,
				CA5A68B6110825E500BF1BC8 /* ElementStore+FindElement.m in Sources */,
				CA5A68B7110825E500BF1BC8 /* ElementStore.m in Sources */,
				CA5A68B8110825E500BF1BC8 /* HTTPJSONResponse.m in Sources */,
				CA5A68B9110825E500BF1BC8 /* HTTPPNGResponse.m in Sources */,
				CA5A68BA110825E500BF1BC8 /* HTTPResponse+Utility.m in Sources */,
				CA5A68BB110825E500BF1BC8 /* HTTPServerController.m in Sources */,
				CA5A68BC110825E500BF1BC8 /* HTTPVirtualDirectory+AccessViewController.m in Sources */,
				CA5A68BD110825E500BF1BC8 /* HTTPVirtualDirectory+Remove.m in Sources */,
				CA5A68BE110825E500BF1BC8 /* JSONRESTResource.m in Sources */,
				CA5A68C0110825E500BF1BC8 /* NSException+WebDriver.m in Sources */,
				CA5A68C1110825E500BF1BC8 /* RESTServiceMapping.m in Sources */,
				CA5A68C3110825E500BF1BC8 /* Session.m in Sources */,
				CA5A68C4110825E500BF1BC8 /* UIResponder+SimulateTouch.m in Sources */,
				CA5A68C5110825E500BF1BC8 /* WebDriverHTTPConnection.m in Sources */,
				CA5A68C6110825E500BF1BC8 /* WebDriverHTTPServer.m in Sources */,
				CA5A68C7110825E500BF1BC8 /* WebDriverPreferences.m in Sources */,
				CA5A68C8110825E500BF1BC8 /* WebDriverRequestFetcher.m in Sources */,
				CA5A68C9110825E500BF1BC8 /* WebDriverResource.m in Sources */,
				CA5A68CA110825E500BF1BC8 /* WebDriverResponse.m in Sources */,
				CA5A68CB110825E500BF1BC8 /* WebDriverUtilities.m in Sources */,
			);
			runOnlyForDeploymentPostprocessing = 0;
		};
		D8F6C97B110D6AE8009DADFF /* Sources */ = {
			isa = PBXSourcesBuildPhase;
			buildActionMask = 2147483647;
			files = (
				D8F6C985110D6B19009DADFF /* BundleInjector.m in Sources */,
			);
			runOnlyForDeploymentPostprocessing = 0;
		};
/* End PBXSourcesBuildPhase section */

/* Begin PBXTargetDependency section */
		CA5DFDC21112BEEC00DCE78D /* PBXTargetDependency */ = {
			isa = PBXTargetDependency;
			name = libjson;
			targetProxy = CA5DFDC11112BEEC00DCE78D /* PBXContainerItemProxy */;
		};
		D8F6C62D110C970A009DADFF /* PBXTargetDependency */ = {
			isa = PBXTargetDependency;
			name = CocoaHTTPServer;
			targetProxy = D8F6C62C110C970A009DADFF /* PBXContainerItemProxy */;
		};
/* End PBXTargetDependency section */

/* Begin XCBuildConfiguration section */
		CABBA68D1075E46400BABE9A /* Debug */ = {
			isa = XCBuildConfiguration;
			buildSettings = {
				COCOAHTTPSERVER_HEADERS = "$(PROJECT_DIR)/lib/buildtime-src/cocoahttpserver/build/$(CONFIGURATION)$(EFFECTIVE_PLATFORM_NAME)/usr/local/include";
				COPY_PHASE_STRIP = NO;
				JSON_HEADERS = "$(PROJECT_DIR)/lib/buildtime-src/json-framework/project/Source/";
			};
			name = Debug;
		};
		CABBA68E1075E46400BABE9A /* Release */ = {
			isa = XCBuildConfiguration;
			buildSettings = {
				ARCHS = "$(ARCHS_STANDARD_32_64_BIT_PRE_XCODE_3_1)";
				ARCHS_STANDARD_32_64_BIT_PRE_XCODE_3_1 = "x86_64 i386 ppc";
				COCOAHTTPSERVER_HEADERS = "$(PROJECT_DIR)/lib/buildtime-src/cocoahttpserver/build/$(CONFIGURATION)$(EFFECTIVE_PLATFORM_NAME)/usr/local/include";
				COPY_PHASE_STRIP = YES;
				JSON_HEADERS = "$(PROJECT_DIR)/lib/buildtime-src/json-framework/project/Source/";
			};
			name = Release;
		};
		CABBA6DB1075EA0600BABE9A /* Debug */ = {
			isa = XCBuildConfiguration;
			buildSettings = {
				ALWAYS_SEARCH_USER_PATHS = NO;
				COPY_PHASE_STRIP = NO;
				FRAMEWORK_SEARCH_PATHS = (
					"$(inherited)",
					"$(FRAMEWORK_SEARCH_PATHS_QUOTED_FOR_TARGET_1)",
					"$(FRAMEWORK_SEARCH_PATHS_QUOTED_FOR_TARGET_2)",
				);
				FRAMEWORK_SEARCH_PATHS_QUOTED_FOR_TARGET_1 = "\"$(SRCROOT)/lib/cocoahttpserver/build/Debug\"";
				FRAMEWORK_SEARCH_PATHS_QUOTED_FOR_TARGET_2 = "\"$(SRCROOT)/lib/cocoahttpserver/build/Debug\"";
				GCC_C_LANGUAGE_STANDARD = gnu99;
				GCC_DYNAMIC_NO_PIC = NO;
				GCC_ENABLE_FIX_AND_CONTINUE = YES;
				GCC_MODEL_TUNING = G5;
				GCC_OPTIMIZATION_LEVEL = 0;
				GCC_PRECOMPILE_PREFIX_HEADER = YES;
				GCC_PREFIX_HEADER = "$(SYSTEM_LIBRARY_DIR)/Frameworks/AppKit.framework/Headers/AppKit.h";
				HEADER_SEARCH_PATHS = (
					"${JSON_HEADERS}/**",
					"${COCOAHTTPSERVER_HEADERS}/**",
				);
				INFOPLIST_FILE = "SafariExtension-Info.plist";
				INSTALL_PATH = "$(HOME)/Library/Bundles";
				LIBRARY_SEARCH_PATHS = (
					"$(inherited)",
					"$(LIBRARY_SEARCH_PATHS_QUOTED_FOR_TARGET_1)",
				);
				LIBRARY_SEARCH_PATHS_QUOTED_FOR_TARGET_1 = "\"$(SRCROOT)/build/Release\"";
				OTHER_LDFLAGS = (
					"-framework",
					Foundation,
					"-framework",
					AppKit,
					"-ObjC",
					"-all_load",
				);
				PREBINDING = NO;
				PRODUCT_NAME = SafariExtension;
				WRAPPER_EXTENSION = bundle;
			};
			name = Debug;
		};
		CABBA6DC1075EA0600BABE9A /* Release */ = {
			isa = XCBuildConfiguration;
			buildSettings = {
				ALWAYS_SEARCH_USER_PATHS = NO;
				COPY_PHASE_STRIP = YES;
				DEBUG_INFORMATION_FORMAT = "dwarf-with-dsym";
				FRAMEWORK_SEARCH_PATHS = (
					"$(inherited)",
					"$(FRAMEWORK_SEARCH_PATHS_QUOTED_FOR_TARGET_1)",
					"$(FRAMEWORK_SEARCH_PATHS_QUOTED_FOR_TARGET_2)",
				);
				FRAMEWORK_SEARCH_PATHS_QUOTED_FOR_TARGET_1 = "\"$(SRCROOT)/lib/cocoahttpserver/build/Debug\"";
				FRAMEWORK_SEARCH_PATHS_QUOTED_FOR_TARGET_2 = "\"$(SRCROOT)/lib/cocoahttpserver/build/Debug\"";
				GCC_C_LANGUAGE_STANDARD = gnu99;
				GCC_ENABLE_FIX_AND_CONTINUE = NO;
				GCC_MODEL_TUNING = G5;
				GCC_PRECOMPILE_PREFIX_HEADER = YES;
				GCC_PREFIX_HEADER = "$(SYSTEM_LIBRARY_DIR)/Frameworks/AppKit.framework/Headers/AppKit.h";
				HEADER_SEARCH_PATHS = (
					"${JSON_HEADERS}",
					"${COCOAHTTPSERVER_HEADERS}",
				);
				INFOPLIST_FILE = "SafariExtension-Info.plist";
				INSTALL_PATH = "$(HOME)/Library/Bundles";
				LIBRARY_SEARCH_PATHS = (
					"$(inherited)",
					"$(LIBRARY_SEARCH_PATHS_QUOTED_FOR_TARGET_1)",
				);
				LIBRARY_SEARCH_PATHS_QUOTED_FOR_TARGET_1 = "\"$(SRCROOT)/build/Release\"";
				OTHER_LDFLAGS = (
					"-framework",
					Foundation,
					"-framework",
					AppKit,
					"-ObjC",
					"-all_load",
				);
				PREBINDING = NO;
				PRODUCT_NAME = SafariExtension;
				WRAPPER_EXTENSION = bundle;
				ZERO_LINK = NO;
			};
			name = Release;
		};
		D8F6C97F110D6AE9009DADFF /* Debug */ = {
			isa = XCBuildConfiguration;
			buildSettings = {
				ALWAYS_SEARCH_USER_PATHS = NO;
				COPY_PHASE_STRIP = NO;
				DYLIB_COMPATIBILITY_VERSION = 1;
				DYLIB_CURRENT_VERSION = 1;
				GCC_DYNAMIC_NO_PIC = NO;
				GCC_ENABLE_FIX_AND_CONTINUE = YES;
				GCC_MODEL_TUNING = G5;
				GCC_OPTIMIZATION_LEVEL = 0;
				GCC_PRECOMPILE_PREFIX_HEADER = YES;
				GCC_PREFIX_HEADER = "$(SYSTEM_LIBRARY_DIR)/Frameworks/AppKit.framework/Headers/AppKit.h";
				INSTALL_PATH = /usr/local/lib;
				OTHER_LDFLAGS = (
					"-framework",
					Foundation,
					"-framework",
					AppKit,
				);
				PREBINDING = NO;
				PRODUCT_NAME = BundleInjector;
			};
			name = Debug;
		};
		D8F6C980110D6AE9009DADFF /* Release */ = {
			isa = XCBuildConfiguration;
			buildSettings = {
				ALWAYS_SEARCH_USER_PATHS = NO;
				COPY_PHASE_STRIP = YES;
				DEBUG_INFORMATION_FORMAT = "dwarf-with-dsym";
				DYLIB_COMPATIBILITY_VERSION = 1;
				DYLIB_CURRENT_VERSION = 1;
				GCC_ENABLE_FIX_AND_CONTINUE = NO;
				GCC_MODEL_TUNING = G5;
				GCC_PRECOMPILE_PREFIX_HEADER = YES;
				GCC_PREFIX_HEADER = "$(SYSTEM_LIBRARY_DIR)/Frameworks/AppKit.framework/Headers/AppKit.h";
				INSTALL_PATH = /usr/local/lib;
				OTHER_LDFLAGS = (
					"-framework",
					Foundation,
					"-framework",
					AppKit,
				);
				PREBINDING = NO;
				PRODUCT_NAME = BundleInjector;
				ZERO_LINK = NO;
			};
			name = Release;
		};
/* End XCBuildConfiguration section */

/* Begin XCConfigurationList section */
		CABBA68F1075E46400BABE9A /* Build configuration list for PBXProject "SafariDriver" */ = {
			isa = XCConfigurationList;
			buildConfigurations = (
				CABBA68D1075E46400BABE9A /* Debug */,
				CABBA68E1075E46400BABE9A /* Release */,
			);
			defaultConfigurationIsVisible = 0;
			defaultConfigurationName = Release;
		};
		CABBA6DD1075EA0600BABE9A /* Build configuration list for PBXNativeTarget "SafariExtension" */ = {
			isa = XCConfigurationList;
			buildConfigurations = (
				CABBA6DB1075EA0600BABE9A /* Debug */,
				CABBA6DC1075EA0600BABE9A /* Release */,
			);
			defaultConfigurationIsVisible = 0;
			defaultConfigurationName = Release;
		};
		D8F6C983110D6AF9009DADFF /* Build configuration list for PBXNativeTarget "BundleInjector" */ = {
			isa = XCConfigurationList;
			buildConfigurations = (
				D8F6C97F110D6AE9009DADFF /* Debug */,
				D8F6C980110D6AE9009DADFF /* Release */,
			);
			defaultConfigurationIsVisible = 0;
			defaultConfigurationName = Release;
		};
/* End XCConfigurationList section */
	};
	rootObject = CABBA68C1075E46400BABE9A /* Project object */;
}
