// !$*UTF8*$!
{
	archiveVersion = 1;
	classes = {
	};
	objectVersion = 42;
	objects = {

/* Begin PBXBuildFile section */
		CA5A68AE110825E500BF1BC8 /* SafariExtension.m in Sources */ = {isa = PBXBuildFile; fileRef = CA5A6873110825E500BF1BC8 /* SafariExtension.m */; };
		CA5A69231108360500BF1BC8 /* WebKit.framework in Frameworks */ = {isa = PBXBuildFile; fileRef = CA5A69221108360500BF1BC8 /* WebKit.framework */; };
		D863519A114C5CA7007B9391 /* libjson.a in Frameworks */ = {isa = PBXBuildFile; fileRef = D8B937F5114BC4FA006F8CE8 /* libjson.a */; };
		D8635313114CE51F007B9391 /* SessionRoot.m in Sources */ = {isa = PBXBuildFile; fileRef = D8635312114CE51F007B9391 /* SessionRoot.m */; };
		D8635316114CE52C007B9391 /* Session.m in Sources */ = {isa = PBXBuildFile; fileRef = D8635315114CE52C007B9391 /* Session.m */; };
		D8635319114CE544007B9391 /* Session+ExecuteScript.m in Sources */ = {isa = PBXBuildFile; fileRef = D8635318114CE544007B9391 /* Session+ExecuteScript.m */; };
		D8635326114CE568007B9391 /* Attribute.m in Sources */ = {isa = PBXBuildFile; fileRef = D863531B114CE568007B9391 /* Attribute.m */; };
		D8635327114CE568007B9391 /* Cookie.m in Sources */ = {isa = PBXBuildFile; fileRef = D863531D114CE568007B9391 /* Cookie.m */; };
		D8635328114CE568007B9391 /* Element.m in Sources */ = {isa = PBXBuildFile; fileRef = D863531F114CE568007B9391 /* Element.m */; };
		D8635329114CE568007B9391 /* Element+FindElement.m in Sources */ = {isa = PBXBuildFile; fileRef = D8635321114CE568007B9391 /* Element+FindElement.m */; };
		D863532A114CE568007B9391 /* ElementStore.m in Sources */ = {isa = PBXBuildFile; fileRef = D8635323114CE568007B9391 /* ElementStore.m */; };
		D863532B114CE568007B9391 /* ElementStore+FindElement.m in Sources */ = {isa = PBXBuildFile; fileRef = D8635325114CE568007B9391 /* ElementStore+FindElement.m */; };
		D8635333114CE5EB007B9391 /* RESTServiceMapping.m in Sources */ = {isa = PBXBuildFile; fileRef = D8635332114CE5EB007B9391 /* RESTServiceMapping.m */; };
		D8635336114CE5FD007B9391 /* HTTPVirtualDirectory+AccessViewController.m in Sources */ = {isa = PBXBuildFile; fileRef = D8635335114CE5FD007B9391 /* HTTPVirtualDirectory+AccessViewController.m */; };
		D863533B114CE60A007B9391 /* WebDriverResource.m in Sources */ = {isa = PBXBuildFile; fileRef = D8635338114CE60A007B9391 /* WebDriverResource.m */; };
		D863533C114CE60A007B9391 /* WebDriverResponse.m in Sources */ = {isa = PBXBuildFile; fileRef = D863533A114CE60A007B9391 /* WebDriverResponse.m */; };
		D8635346114CE633007B9391 /* HTTPServerController.m in Sources */ = {isa = PBXBuildFile; fileRef = D8635345114CE633007B9391 /* HTTPServerController.m */; };
		D8635349114CE641007B9391 /* HTTPResponse+Utility.m in Sources */ = {isa = PBXBuildFile; fileRef = D8635348114CE641007B9391 /* HTTPResponse+Utility.m */; };
		D863534C114CE64E007B9391 /* WebDriverUtilities.m in Sources */ = {isa = PBXBuildFile; fileRef = D863534B114CE64E007B9391 /* WebDriverUtilities.m */; };
		D863534F114CE664007B9391 /* WebDriverRequestFetcher.m in Sources */ = {isa = PBXBuildFile; fileRef = D863534E114CE664007B9391 /* WebDriverRequestFetcher.m */; };
		D8635366114CE708007B9391 /* HTTPJSONResponse.m in Sources */ = {isa = PBXBuildFile; fileRef = D8635365114CE708007B9391 /* HTTPJSONResponse.m */; };
		D8635369114CE71B007B9391 /* JSONRESTResource.m in Sources */ = {isa = PBXBuildFile; fileRef = D8635368114CE71B007B9391 /* JSONRESTResource.m */; };
		D863543D114CF65D007B9391 /* HTTPPNGResponse.m in Sources */ = {isa = PBXBuildFile; fileRef = D863543C114CF65D007B9391 /* HTTPPNGResponse.m */; };
		D8635493114CFDFD007B9391 /* WebDriverPreferences.m in Sources */ = {isa = PBXBuildFile; fileRef = D8635492114CFDFD007B9391 /* WebDriverPreferences.m */; };
		D8635497114CFE07007B9391 /* WebViewController.m in Sources */ = {isa = PBXBuildFile; fileRef = D8635494114CFE07007B9391 /* WebViewController.m */; };
		D8635498114CFE07007B9391 /* WebViewDriverSingleton.m in Sources */ = {isa = PBXBuildFile; fileRef = D8635496114CFE07007B9391 /* WebViewDriverSingleton.m */; };
		D86354A2114CFE23007B9391 /* WebViewControllerCommon.m in Sources */ = {isa = PBXBuildFile; fileRef = D86354A1114CFE23007B9391 /* WebViewControllerCommon.m */; };
		D86354AE114CFE49007B9391 /* HTTPVirtualDirectory+Remove.m in Sources */ = {isa = PBXBuildFile; fileRef = D86354AD114CFE49007B9391 /* HTTPVirtualDirectory+Remove.m */; };
		D86354B3114CFE59007B9391 /* NSException+WebDriver.m in Sources */ = {isa = PBXBuildFile; fileRef = D86354B0114CFE59007B9391 /* NSException+WebDriver.m */; };
		D86354B4114CFE59007B9391 /* NSURLRequest+IgnoreSSL.m in Sources */ = {isa = PBXBuildFile; fileRef = D86354B2114CFE59007B9391 /* NSURLRequest+IgnoreSSL.m */; };
		D86354C0114CFEA1007B9391 /* WebDriverHTTPConnection.m in Sources */ = {isa = PBXBuildFile; fileRef = D86354BD114CFEA1007B9391 /* WebDriverHTTPConnection.m */; };
		D86354C1114CFEA1007B9391 /* WebDriverHTTPServer.m in Sources */ = {isa = PBXBuildFile; fileRef = D86354BF114CFEA1007B9391 /* WebDriverHTTPServer.m */; };
		D86354CC114CFEDE007B9391 /* libsqlite3.dylib in Frameworks */ = {isa = PBXBuildFile; fileRef = D86354CB114CFEDE007B9391 /* libsqlite3.dylib */; };
		D86354D3114CFF1A007B9391 /* QuartzCore.framework in Frameworks */ = {isa = PBXBuildFile; fileRef = D86354D2114CFF1A007B9391 /* QuartzCore.framework */; };
		D8B93863114BC920006F8CE8 /* libCocoaHTTPServer.a in Frameworks */ = {isa = PBXBuildFile; fileRef = D8B93801114BC515006F8CE8 /* libCocoaHTTPServer.a */; };
		D8F6C985110D6B19009DADFF /* BundleInjector.m in Sources */ = {isa = PBXBuildFile; fileRef = D8F6C984110D6B19009DADFF /* BundleInjector.m */; };
		D8F6CA48110D6C5D009DADFF /* BundleInjector.dylib in CopyFiles */ = {isa = PBXBuildFile; fileRef = D8F6C97E110D6AE8009DADFF /* BundleInjector.dylib */; };
		D8F6CBE5110E596E009DADFF /* libcrypto.dylib in Frameworks */ = {isa = PBXBuildFile; fileRef = D8F6CBE4110E596E009DADFF /* libcrypto.dylib */; };
/* End PBXBuildFile section */

/* Begin PBXContainerItemProxy section */
		D8635198114C5C90007B9391 /* PBXContainerItemProxy */ = {
			isa = PBXContainerItemProxy;
			containerPortal = CA5DFD561112BD0F00DCE78D /* JSON.xcodeproj */;
			proxyType = 1;
			remoteGlobalIDString = FE2BBD7F0D8B0D3900184787;
			remoteInfo = libjson;
		};
		D8B937F0114BC4FA006F8CE8 /* PBXContainerItemProxy */ = {
			isa = PBXContainerItemProxy;
			containerPortal = CA5DFD561112BD0F00DCE78D /* JSON.xcodeproj */;
			proxyType = 2;
			remoteGlobalIDString = 53D229810C96121600276605;
			remoteInfo = JSON;
		};
		D8B937F2114BC4FA006F8CE8 /* PBXContainerItemProxy */ = {
			isa = PBXContainerItemProxy;
			containerPortal = CA5DFD561112BD0F00DCE78D /* JSON.xcodeproj */;
			proxyType = 2;
			remoteGlobalIDString = 53D2298D0C96122A00276605;
			remoteInfo = Tests;
		};
		D8B937F4114BC4FA006F8CE8 /* PBXContainerItemProxy */ = {
			isa = PBXContainerItemProxy;
			containerPortal = CA5DFD561112BD0F00DCE78D /* JSON.xcodeproj */;
			proxyType = 2;
			remoteGlobalIDString = FE2BBD800D8B0D3900184787;
			remoteInfo = libjson;
		};
		D8B937F6114BC4FA006F8CE8 /* PBXContainerItemProxy */ = {
			isa = PBXContainerItemProxy;
			containerPortal = CA5DFD561112BD0F00DCE78D /* JSON.xcodeproj */;
			proxyType = 2;
			remoteGlobalIDString = FE2BBDAB0D8B0EE000184787;
			remoteInfo = libjsontests;
		};
		D8B937F8114BC4FA006F8CE8 /* PBXContainerItemProxy */ = {
			isa = PBXContainerItemProxy;
			containerPortal = CA5DFD561112BD0F00DCE78D /* JSON.xcodeproj */;
			proxyType = 2;
			remoteGlobalIDString = 53EF4D400DC247B3005F5E6D;
			remoteInfo = bench;
		};
		D8B93800114BC515006F8CE8 /* PBXContainerItemProxy */ = {
			isa = PBXContainerItemProxy;
			containerPortal = CA5A68CF1108261D00BF1BC8 /* CocoaHTTPServerLibrary.xcodeproj */;
			proxyType = 2;
			remoteGlobalIDString = 8319631B0F28464E005D1D21;
			remoteInfo = CocoaHTTPServer;
		};
		D8B93832114BC7CB006F8CE8 /* PBXContainerItemProxy */ = {
			isa = PBXContainerItemProxy;
			containerPortal = CA5A68CF1108261D00BF1BC8 /* CocoaHTTPServerLibrary.xcodeproj */;
			proxyType = 1;
			remoteGlobalIDString = 8319631A0F28464E005D1D21;
			remoteInfo = CocoaHTTPServer;
		};
		D8B9386A114BCA5F006F8CE8 /* PBXContainerItemProxy */ = {
			isa = PBXContainerItemProxy;
			containerPortal = CABBA68C1075E46400BABE9A /* Project object */;
			proxyType = 1;
			remoteGlobalIDString = D8F6C97D110D6AE8009DADFF;
			remoteInfo = BundleInjector;
		};
/* End PBXContainerItemProxy section */

/* Begin PBXCopyFilesBuildPhase section */
		D8F6CA54110D6C64009DADFF /* CopyFiles */ = {
			isa = PBXCopyFilesBuildPhase;
			buildActionMask = 2147483647;
			dstPath = "";
			dstSubfolderSpec = 12;
			files = (
				D8F6CA48110D6C5D009DADFF /* BundleInjector.dylib in CopyFiles */,
			);
			runOnlyForDeploymentPostprocessing = 0;
		};
/* End PBXCopyFilesBuildPhase section */

/* Begin PBXFileReference section */
		CA5A6872110825E500BF1BC8 /* SafariExtension.h */ = {isa = PBXFileReference; fileEncoding = 4; lastKnownFileType = sourcecode.c.h; path = SafariExtension.h; sourceTree = "<group>"; };
		CA5A6873110825E500BF1BC8 /* SafariExtension.m */ = {isa = PBXFileReference; fileEncoding = 4; lastKnownFileType = sourcecode.c.objc; path = SafariExtension.m; sourceTree = "<group>"; };
		CA5A68CF1108261D00BF1BC8 /* CocoaHTTPServerLibrary.xcodeproj */ = {isa = PBXFileReference; lastKnownFileType = "wrapper.pb-project"; name = CocoaHTTPServerLibrary.xcodeproj; path = "../iphone/lib/buildtime-src/cocoahttpserver/CocoaHTTPServerLibrary.xcodeproj"; sourceTree = "<group>"; };
		CA5A6906110833FB00BF1BC8 /* SafariExtension.bundle */ = {isa = PBXFileReference; explicitFileType = wrapper.cfbundle; includeInIndex = 0; path = SafariExtension.bundle; sourceTree = BUILT_PRODUCTS_DIR; };
		CA5A69221108360500BF1BC8 /* WebKit.framework */ = {isa = PBXFileReference; lastKnownFileType = wrapper.framework; name = WebKit.framework; path = /System/Library/Frameworks/WebKit.framework; sourceTree = "<absolute>"; };
		CA5DFD561112BD0F00DCE78D /* JSON.xcodeproj */ = {isa = PBXFileReference; lastKnownFileType = "wrapper.pb-project"; name = JSON.xcodeproj; path = "../iphone/lib/buildtime-src/json-framework/project/JSON.xcodeproj"; sourceTree = "<group>"; };
		D863530F114CE50F007B9391 /* WebViewDriver.h */ = {isa = PBXFileReference; fileEncoding = 4; lastKnownFileType = sourcecode.c.h; path = WebViewDriver.h; sourceTree = "<group>"; };
		D8635311114CE51F007B9391 /* SessionRoot.h */ = {isa = PBXFileReference; fileEncoding = 4; lastKnownFileType = sourcecode.c.h; path = SessionRoot.h; sourceTree = "<group>"; };
		D8635312114CE51F007B9391 /* SessionRoot.m */ = {isa = PBXFileReference; fileEncoding = 4; lastKnownFileType = sourcecode.c.objc; path = SessionRoot.m; sourceTree = "<group>"; };
		D8635314114CE52C007B9391 /* Session.h */ = {isa = PBXFileReference; fileEncoding = 4; lastKnownFileType = sourcecode.c.h; path = Session.h; sourceTree = "<group>"; };
		D8635315114CE52C007B9391 /* Session.m */ = {isa = PBXFileReference; fileEncoding = 4; lastKnownFileType = sourcecode.c.objc; path = Session.m; sourceTree = "<group>"; };
		D8635317114CE544007B9391 /* Session+ExecuteScript.h */ = {isa = PBXFileReference; fileEncoding = 4; lastKnownFileType = sourcecode.c.h; path = "Session+ExecuteScript.h"; sourceTree = "<group>"; };
		D8635318114CE544007B9391 /* Session+ExecuteScript.m */ = {isa = PBXFileReference; fileEncoding = 4; lastKnownFileType = sourcecode.c.objc; path = "Session+ExecuteScript.m"; sourceTree = "<group>"; };
		D863531A114CE568007B9391 /* Attribute.h */ = {isa = PBXFileReference; fileEncoding = 4; lastKnownFileType = sourcecode.c.h; path = Attribute.h; sourceTree = "<group>"; };
		D863531B114CE568007B9391 /* Attribute.m */ = {isa = PBXFileReference; fileEncoding = 4; lastKnownFileType = sourcecode.c.objc; path = Attribute.m; sourceTree = "<group>"; };
		D863531C114CE568007B9391 /* Cookie.h */ = {isa = PBXFileReference; fileEncoding = 4; lastKnownFileType = sourcecode.c.h; path = Cookie.h; sourceTree = "<group>"; };
		D863531D114CE568007B9391 /* Cookie.m */ = {isa = PBXFileReference; fileEncoding = 4; lastKnownFileType = sourcecode.c.objc; path = Cookie.m; sourceTree = "<group>"; };
		D863531E114CE568007B9391 /* Element.h */ = {isa = PBXFileReference; fileEncoding = 4; lastKnownFileType = sourcecode.c.h; path = Element.h; sourceTree = "<group>"; };
		D863531F114CE568007B9391 /* Element.m */ = {isa = PBXFileReference; fileEncoding = 4; lastKnownFileType = sourcecode.c.objc; path = Element.m; sourceTree = "<group>"; };
		D8635320114CE568007B9391 /* Element+FindElement.h */ = {isa = PBXFileReference; fileEncoding = 4; lastKnownFileType = sourcecode.c.h; path = "Element+FindElement.h"; sourceTree = "<group>"; };
		D8635321114CE568007B9391 /* Element+FindElement.m */ = {isa = PBXFileReference; fileEncoding = 4; lastKnownFileType = sourcecode.c.objc; path = "Element+FindElement.m"; sourceTree = "<group>"; };
		D8635322114CE568007B9391 /* ElementStore.h */ = {isa = PBXFileReference; fileEncoding = 4; lastKnownFileType = sourcecode.c.h; path = ElementStore.h; sourceTree = "<group>"; };
		D8635323114CE568007B9391 /* ElementStore.m */ = {isa = PBXFileReference; fileEncoding = 4; lastKnownFileType = sourcecode.c.objc; path = ElementStore.m; sourceTree = "<group>"; };
		D8635324114CE568007B9391 /* ElementStore+FindElement.h */ = {isa = PBXFileReference; fileEncoding = 4; lastKnownFileType = sourcecode.c.h; path = "ElementStore+FindElement.h"; sourceTree = "<group>"; };
		D8635325114CE568007B9391 /* ElementStore+FindElement.m */ = {isa = PBXFileReference; fileEncoding = 4; lastKnownFileType = sourcecode.c.objc; path = "ElementStore+FindElement.m"; sourceTree = "<group>"; };
		D8635331114CE5EB007B9391 /* RESTServiceMapping.h */ = {isa = PBXFileReference; fileEncoding = 4; lastKnownFileType = sourcecode.c.h; path = RESTServiceMapping.h; sourceTree = "<group>"; };
		D8635332114CE5EB007B9391 /* RESTServiceMapping.m */ = {isa = PBXFileReference; fileEncoding = 4; lastKnownFileType = sourcecode.c.objc; path = RESTServiceMapping.m; sourceTree = "<group>"; };
		D8635334114CE5FD007B9391 /* HTTPVirtualDirectory+AccessViewController.h */ = {isa = PBXFileReference; fileEncoding = 4; lastKnownFileType = sourcecode.c.h; path = "HTTPVirtualDirectory+AccessViewController.h"; sourceTree = "<group>"; };
		D8635335114CE5FD007B9391 /* HTTPVirtualDirectory+AccessViewController.m */ = {isa = PBXFileReference; fileEncoding = 4; lastKnownFileType = sourcecode.c.objc; path = "HTTPVirtualDirectory+AccessViewController.m"; sourceTree = "<group>"; };
		D8635337114CE60A007B9391 /* WebDriverResource.h */ = {isa = PBXFileReference; fileEncoding = 4; lastKnownFileType = sourcecode.c.h; path = WebDriverResource.h; sourceTree = "<group>"; };
		D8635338114CE60A007B9391 /* WebDriverResource.m */ = {isa = PBXFileReference; fileEncoding = 4; lastKnownFileType = sourcecode.c.objc; path = WebDriverResource.m; sourceTree = "<group>"; };
		D8635339114CE60A007B9391 /* WebDriverResponse.h */ = {isa = PBXFileReference; fileEncoding = 4; lastKnownFileType = sourcecode.c.h; path = WebDriverResponse.h; sourceTree = "<group>"; };
		D863533A114CE60A007B9391 /* WebDriverResponse.m */ = {isa = PBXFileReference; fileEncoding = 4; lastKnownFileType = sourcecode.c.objc; path = WebDriverResponse.m; sourceTree = "<group>"; };
		D8635344114CE633007B9391 /* HTTPServerController.h */ = {isa = PBXFileReference; fileEncoding = 4; lastKnownFileType = sourcecode.c.h; path = HTTPServerController.h; sourceTree = "<group>"; };
		D8635345114CE633007B9391 /* HTTPServerController.m */ = {isa = PBXFileReference; fileEncoding = 4; lastKnownFileType = sourcecode.c.objc; path = HTTPServerController.m; sourceTree = "<group>"; };
		D8635347114CE641007B9391 /* HTTPResponse+Utility.h */ = {isa = PBXFileReference; fileEncoding = 4; lastKnownFileType = sourcecode.c.h; path = "HTTPResponse+Utility.h"; sourceTree = "<group>"; };
		D8635348114CE641007B9391 /* HTTPResponse+Utility.m */ = {isa = PBXFileReference; fileEncoding = 4; lastKnownFileType = sourcecode.c.objc; path = "HTTPResponse+Utility.m"; sourceTree = "<group>"; };
		D863534A114CE64E007B9391 /* WebDriverUtilities.h */ = {isa = PBXFileReference; fileEncoding = 4; lastKnownFileType = sourcecode.c.h; path = WebDriverUtilities.h; sourceTree = "<group>"; };
		D863534B114CE64E007B9391 /* WebDriverUtilities.m */ = {isa = PBXFileReference; fileEncoding = 4; lastKnownFileType = sourcecode.c.objc; path = WebDriverUtilities.m; sourceTree = "<group>"; };
		D863534D114CE664007B9391 /* WebDriverRequestFetcher.h */ = {isa = PBXFileReference; fileEncoding = 4; lastKnownFileType = sourcecode.c.h; path = WebDriverRequestFetcher.h; sourceTree = "<group>"; };
		D863534E114CE664007B9391 /* WebDriverRequestFetcher.m */ = {isa = PBXFileReference; fileEncoding = 4; lastKnownFileType = sourcecode.c.objc; path = WebDriverRequestFetcher.m; sourceTree = "<group>"; };
		D8635364114CE708007B9391 /* HTTPJSONResponse.h */ = {isa = PBXFileReference; fileEncoding = 4; lastKnownFileType = sourcecode.c.h; path = HTTPJSONResponse.h; sourceTree = "<group>"; };
		D8635365114CE708007B9391 /* HTTPJSONResponse.m */ = {isa = PBXFileReference; fileEncoding = 4; lastKnownFileType = sourcecode.c.objc; path = HTTPJSONResponse.m; sourceTree = "<group>"; };
		D8635367114CE71B007B9391 /* JSONRESTResource.h */ = {isa = PBXFileReference; fileEncoding = 4; lastKnownFileType = sourcecode.c.h; path = JSONRESTResource.h; sourceTree = "<group>"; };
		D8635368114CE71B007B9391 /* JSONRESTResource.m */ = {isa = PBXFileReference; fileEncoding = 4; lastKnownFileType = sourcecode.c.objc; path = JSONRESTResource.m; sourceTree = "<group>"; };
		D86353BB114CE892007B9391 /* errorcodes.h */ = {isa = PBXFileReference; fileEncoding = 4; lastKnownFileType = sourcecode.c.h; name = errorcodes.h; path = "../common/src/cpp/webdriver-interactions/errorcodes.h"; sourceTree = SOURCE_ROOT; };
		D863543C114CF65D007B9391 /* HTTPPNGResponse.m */ = {isa = PBXFileReference; fileEncoding = 4; lastKnownFileType = sourcecode.c.objc; name = HTTPPNGResponse.m; path = src/objc/httpserver/HTTPPNGResponse.m; sourceTree = SOURCE_ROOT; };
		D863546B114CF6B4007B9391 /* HTTPPNGResponse.h */ = {isa = PBXFileReference; fileEncoding = 4; lastKnownFileType = sourcecode.c.h; path = HTTPPNGResponse.h; sourceTree = "<group>"; };
		D8635491114CFDFD007B9391 /* WebDriverPreferences.h */ = {isa = PBXFileReference; fileEncoding = 4; lastKnownFileType = sourcecode.c.h; path = WebDriverPreferences.h; sourceTree = "<group>"; };
		D8635492114CFDFD007B9391 /* WebDriverPreferences.m */ = {isa = PBXFileReference; fileEncoding = 4; lastKnownFileType = sourcecode.c.objc; path = WebDriverPreferences.m; sourceTree = "<group>"; };
		D8635494114CFE07007B9391 /* WebViewController.m */ = {isa = PBXFileReference; fileEncoding = 4; lastKnownFileType = sourcecode.c.objc; path = WebViewController.m; sourceTree = "<group>"; };
		D8635495114CFE07007B9391 /* WebViewDriverSingleton.h */ = {isa = PBXFileReference; fileEncoding = 4; lastKnownFileType = sourcecode.c.h; path = WebViewDriverSingleton.h; sourceTree = "<group>"; };
		D8635496114CFE07007B9391 /* WebViewDriverSingleton.m */ = {isa = PBXFileReference; fileEncoding = 4; lastKnownFileType = sourcecode.c.objc; path = WebViewDriverSingleton.m; sourceTree = "<group>"; };
		D86354A0114CFE23007B9391 /* WebViewControllerCommon.h */ = {isa = PBXFileReference; fileEncoding = 4; lastKnownFileType = sourcecode.c.h; path = WebViewControllerCommon.h; sourceTree = "<group>"; };
		D86354A1114CFE23007B9391 /* WebViewControllerCommon.m */ = {isa = PBXFileReference; fileEncoding = 4; lastKnownFileType = sourcecode.c.objc; path = WebViewControllerCommon.m; sourceTree = "<group>"; };
		D86354AC114CFE49007B9391 /* HTTPVirtualDirectory+Remove.h */ = {isa = PBXFileReference; fileEncoding = 4; lastKnownFileType = sourcecode.c.h; path = "HTTPVirtualDirectory+Remove.h"; sourceTree = "<group>"; };
		D86354AD114CFE49007B9391 /* HTTPVirtualDirectory+Remove.m */ = {isa = PBXFileReference; fileEncoding = 4; lastKnownFileType = sourcecode.c.objc; path = "HTTPVirtualDirectory+Remove.m"; sourceTree = "<group>"; };
		D86354AF114CFE59007B9391 /* NSException+WebDriver.h */ = {isa = PBXFileReference; fileEncoding = 4; lastKnownFileType = sourcecode.c.h; path = "NSException+WebDriver.h"; sourceTree = "<group>"; };
		D86354B0114CFE59007B9391 /* NSException+WebDriver.m */ = {isa = PBXFileReference; fileEncoding = 4; lastKnownFileType = sourcecode.c.objc; path = "NSException+WebDriver.m"; sourceTree = "<group>"; };
		D86354B1114CFE59007B9391 /* NSURLRequest+IgnoreSSL.h */ = {isa = PBXFileReference; fileEncoding = 4; lastKnownFileType = sourcecode.c.h; path = "NSURLRequest+IgnoreSSL.h"; sourceTree = "<group>"; };
		D86354B2114CFE59007B9391 /* NSURLRequest+IgnoreSSL.m */ = {isa = PBXFileReference; fileEncoding = 4; lastKnownFileType = sourcecode.c.objc; path = "NSURLRequest+IgnoreSSL.m"; sourceTree = "<group>"; };
		D86354BC114CFEA1007B9391 /* WebDriverHTTPConnection.h */ = {isa = PBXFileReference; fileEncoding = 4; lastKnownFileType = sourcecode.c.h; path = WebDriverHTTPConnection.h; sourceTree = "<group>"; };
		D86354BD114CFEA1007B9391 /* WebDriverHTTPConnection.m */ = {isa = PBXFileReference; fileEncoding = 4; lastKnownFileType = sourcecode.c.objc; path = WebDriverHTTPConnection.m; sourceTree = "<group>"; };
		D86354BE114CFEA1007B9391 /* WebDriverHTTPServer.h */ = {isa = PBXFileReference; fileEncoding = 4; lastKnownFileType = sourcecode.c.h; path = WebDriverHTTPServer.h; sourceTree = "<group>"; };
		D86354BF114CFEA1007B9391 /* WebDriverHTTPServer.m */ = {isa = PBXFileReference; fileEncoding = 4; lastKnownFileType = sourcecode.c.objc; path = WebDriverHTTPServer.m; sourceTree = "<group>"; };
		D86354CB114CFEDE007B9391 /* libsqlite3.dylib */ = {isa = PBXFileReference; lastKnownFileType = "compiled.mach-o.dylib"; name = libsqlite3.dylib; path = /usr/lib/libsqlite3.dylib; sourceTree = "<absolute>"; };
		D86354D2114CFF1A007B9391 /* QuartzCore.framework */ = {isa = PBXFileReference; lastKnownFileType = wrapper.framework; name = QuartzCore.framework; path = /System/Library/Frameworks/QuartzCore.framework; sourceTree = "<absolute>"; };
		D8F6C97E110D6AE8009DADFF /* BundleInjector.dylib */ = {isa = PBXFileReference; explicitFileType = "compiled.mach-o.dylib"; includeInIndex = 0; path = BundleInjector.dylib; sourceTree = BUILT_PRODUCTS_DIR; };
		D8F6C984110D6B19009DADFF /* BundleInjector.m */ = {isa = PBXFileReference; fileEncoding = 4; lastKnownFileType = sourcecode.c.objc; path = BundleInjector.m; sourceTree = "<group>"; };
		D8F6CBE4110E596E009DADFF /* libcrypto.dylib */ = {isa = PBXFileReference; lastKnownFileType = "compiled.mach-o.dylib"; name = libcrypto.dylib; path = /usr/lib/libcrypto.dylib; sourceTree = "<absolute>"; };
/* End PBXFileReference section */

/* Begin PBXFrameworksBuildPhase section */
		CABBA6D51075EA0500BABE9A /* Frameworks */ = {
			isa = PBXFrameworksBuildPhase;
			buildActionMask = 2147483647;
			files = (
				D863519A114C5CA7007B9391 /* libjson.a in Frameworks */,
				CA5A69231108360500BF1BC8 /* WebKit.framework in Frameworks */,
				D8F6CBE5110E596E009DADFF /* libcrypto.dylib in Frameworks */,
				D8B93863114BC920006F8CE8 /* libCocoaHTTPServer.a in Frameworks */,
				D86354CC114CFEDE007B9391 /* libsqlite3.dylib in Frameworks */,
				D86354D3114CFF1A007B9391 /* QuartzCore.framework in Frameworks */,
			);
			runOnlyForDeploymentPostprocessing = 0;
		};
		D8F6C97C110D6AE8009DADFF /* Frameworks */ = {
			isa = PBXFrameworksBuildPhase;
			buildActionMask = 2147483647;
			files = (
			);
			runOnlyForDeploymentPostprocessing = 0;
		};
/* End PBXFrameworksBuildPhase section */

/* Begin PBXGroup section */
		CA5A6871110825E500BF1BC8 /* extension */ = {
			isa = PBXGroup;
			children = (
				D8635494114CFE07007B9391 /* WebViewController.m */,
				D8635495114CFE07007B9391 /* WebViewDriverSingleton.h */,
				D8635496114CFE07007B9391 /* WebViewDriverSingleton.m */,
				D8635491114CFDFD007B9391 /* WebDriverPreferences.h */,
				D8635492114CFDFD007B9391 /* WebDriverPreferences.m */,
				CA5A6872110825E500BF1BC8 /* SafariExtension.h */,
				CA5A6873110825E500BF1BC8 /* SafariExtension.m */,
			);
			name = extension;
			path = src/objc/extension;
			sourceTree = "<group>";
		};
		CA5A6876110825E500BF1BC8 /* Web server extensions */ = {
			isa = PBXGroup;
			children = (
				D86354AF114CFE59007B9391 /* NSException+WebDriver.h */,
				D86354B0114CFE59007B9391 /* NSException+WebDriver.m */,
				D86354B1114CFE59007B9391 /* NSURLRequest+IgnoreSSL.h */,
				D86354B2114CFE59007B9391 /* NSURLRequest+IgnoreSSL.m */,
				D86354AC114CFE49007B9391 /* HTTPVirtualDirectory+Remove.h */,
				D86354AD114CFE49007B9391 /* HTTPVirtualDirectory+Remove.m */,
				D86354A0114CFE23007B9391 /* WebViewControllerCommon.h */,
				D86354A1114CFE23007B9391 /* WebViewControllerCommon.m */,
				D86353BB114CE892007B9391 /* errorcodes.h */,
				D863534D114CE664007B9391 /* WebDriverRequestFetcher.h */,
				D863534E114CE664007B9391 /* WebDriverRequestFetcher.m */,
				D863534A114CE64E007B9391 /* WebDriverUtilities.h */,
				D863534B114CE64E007B9391 /* WebDriverUtilities.m */,
				D8635347114CE641007B9391 /* HTTPResponse+Utility.h */,
				D8635348114CE641007B9391 /* HTTPResponse+Utility.m */,
				D8635344114CE633007B9391 /* HTTPServerController.h */,
				D8635345114CE633007B9391 /* HTTPServerController.m */,
				D86354BB114CFE81007B9391 /* HTTP Server configuration */,
				D86352EE114CE495007B9391 /* REST Service */,
				D8635330114CE5CD007B9391 /* REST Mapping */,
				D8635363114CE6F2007B9391 /* HTTP+JSON */,
				D863543A114CF633007B9391 /* HTTP+PNG */,
			);
			name = "Web server extensions";
			path = ../iphone/src/objc;
			sourceTree = "<group>";
		};
		CA5A68AD110825E500BF1BC8 /* loader */ = {
			isa = PBXGroup;
			children = (
				D8F6C984110D6B19009DADFF /* BundleInjector.m */,
			);
			name = loader;
			path = src/objc/loader;
			sourceTree = "<group>";
		};
		CABBA68A1075E46400BABE9A = {
			isa = PBXGroup;
			children = (
				CA5DFD561112BD0F00DCE78D /* JSON.xcodeproj */,
				CA5A68CF1108261D00BF1BC8 /* CocoaHTTPServerLibrary.xcodeproj */,
				CA5A6871110825E500BF1BC8 /* extension */,
				D8635473114CF6CA007B9391 /* Mac specific */,
				CA5A6876110825E500BF1BC8 /* Web server extensions */,
				CA5A68AD110825E500BF1BC8 /* loader */,
				CABBA6D81075EA0500BABE9A /* Products */,
				CA5A69221108360500BF1BC8 /* WebKit.framework */,
				D8F6CBE4110E596E009DADFF /* libcrypto.dylib */,
				D86354CB114CFEDE007B9391 /* libsqlite3.dylib */,
				D86354D2114CFF1A007B9391 /* QuartzCore.framework */,
			);
			sourceTree = "<group>";
		};
		CABBA6D81075EA0500BABE9A /* Products */ = {
			isa = PBXGroup;
			children = (
				CA5A6906110833FB00BF1BC8 /* SafariExtension.bundle */,
				D8F6C97E110D6AE8009DADFF /* BundleInjector.dylib */,
			);
			name = Products;
			sourceTree = "<group>";
		};
		D86352EE114CE495007B9391 /* REST Service */ = {
			isa = PBXGroup;
			children = (
				D863530F114CE50F007B9391 /* WebViewDriver.h */,
				D863531A114CE568007B9391 /* Attribute.h */,
				D863531B114CE568007B9391 /* Attribute.m */,
				D863531C114CE568007B9391 /* Cookie.h */,
				D863531D114CE568007B9391 /* Cookie.m */,
				D863531E114CE568007B9391 /* Element.h */,
				D863531F114CE568007B9391 /* Element.m */,
				D8635320114CE568007B9391 /* Element+FindElement.h */,
				D8635321114CE568007B9391 /* Element+FindElement.m */,
				D8635322114CE568007B9391 /* ElementStore.h */,
				D8635323114CE568007B9391 /* ElementStore.m */,
				D8635324114CE568007B9391 /* ElementStore+FindElement.h */,
				D8635325114CE568007B9391 /* ElementStore+FindElement.m */,
				D8635311114CE51F007B9391 /* SessionRoot.h */,
				D8635312114CE51F007B9391 /* SessionRoot.m */,
				D8635314114CE52C007B9391 /* Session.h */,
				D8635315114CE52C007B9391 /* Session.m */,
				D8635317114CE544007B9391 /* Session+ExecuteScript.h */,
				D8635318114CE544007B9391 /* Session+ExecuteScript.m */,
			);
			name = "REST Service";
			sourceTree = "<group>";
		};
		D8635330114CE5CD007B9391 /* REST Mapping */ = {
			isa = PBXGroup;
			children = (
				D8635337114CE60A007B9391 /* WebDriverResource.h */,
				D8635338114CE60A007B9391 /* WebDriverResource.m */,
				D8635339114CE60A007B9391 /* WebDriverResponse.h */,
				D863533A114CE60A007B9391 /* WebDriverResponse.m */,
				D8635334114CE5FD007B9391 /* HTTPVirtualDirectory+AccessViewController.h */,
				D8635335114CE5FD007B9391 /* HTTPVirtualDirectory+AccessViewController.m */,
				D8635331114CE5EB007B9391 /* RESTServiceMapping.h */,
				D8635332114CE5EB007B9391 /* RESTServiceMapping.m */,
			);
			name = "REST Mapping";
			sourceTree = "<group>";
		};
		D8635363114CE6F2007B9391 /* HTTP+JSON */ = {
			isa = PBXGroup;
			children = (
				D8635367114CE71B007B9391 /* JSONRESTResource.h */,
				D8635368114CE71B007B9391 /* JSONRESTResource.m */,
				D8635364114CE708007B9391 /* HTTPJSONResponse.h */,
				D8635365114CE708007B9391 /* HTTPJSONResponse.m */,
			);
			name = "HTTP+JSON";
			sourceTree = "<group>";
		};
		D863543A114CF633007B9391 /* HTTP+PNG */ = {
			isa = PBXGroup;
			children = (
				D863546B114CF6B4007B9391 /* HTTPPNGResponse.h */,
			);
			name = "HTTP+PNG";
			sourceTree = "<group>";
		};
		D8635473114CF6CA007B9391 /* Mac specific */ = {
			isa = PBXGroup;
			children = (
				D863543C114CF65D007B9391 /* HTTPPNGResponse.m */,
			);
			name = "Mac specific";
			path = src/objc/httpserver;
			sourceTree = "<group>";
		};
		D86354BB114CFE81007B9391 /* HTTP Server configuration */ = {
			isa = PBXGroup;
			children = (
				D86354BC114CFEA1007B9391 /* WebDriverHTTPConnection.h */,
				D86354BD114CFEA1007B9391 /* WebDriverHTTPConnection.m */,
				D86354BE114CFEA1007B9391 /* WebDriverHTTPServer.h */,
				D86354BF114CFEA1007B9391 /* WebDriverHTTPServer.m */,
			);
			name = "HTTP Server configuration";
			sourceTree = "<group>";
		};
		D8B937E7114BC4FA006F8CE8 /* Products */ = {
			isa = PBXGroup;
			children = (
				D8B937F1114BC4FA006F8CE8 /* JSON.framework */,
				D8B937F3114BC4FA006F8CE8 /* Tests.octest */,
				D8B937F5114BC4FA006F8CE8 /* libjson.a */,
				D8B937F7114BC4FA006F8CE8 /* libjsontests.octest */,
				D8B937F9114BC4FA006F8CE8 /* bench */,
			);
			name = Products;
			sourceTree = "<group>";
		};
		D8B937FD114BC515006F8CE8 /* Products */ = {
			isa = PBXGroup;
			children = (
				D8B93801114BC515006F8CE8 /* libCocoaHTTPServer.a */,
			);
			name = Products;
			sourceTree = "<group>";
		};
/* End PBXGroup section */

/* Begin PBXHeadersBuildPhase section */
		D8F6C97A110D6AE8009DADFF /* Headers */ = {
			isa = PBXHeadersBuildPhase;
			buildActionMask = 2147483647;
			files = (
			);
			runOnlyForDeploymentPostprocessing = 0;
		};
/* End PBXHeadersBuildPhase section */

/* Begin PBXNativeTarget section */
		CABBA6D61075EA0500BABE9A /* SafariExtension */ = {
			isa = PBXNativeTarget;
			buildConfigurationList = CABBA6DD1075EA0600BABE9A /* Build configuration list for PBXNativeTarget "SafariExtension" */;
			buildPhases = (
				CABBA6D31075EA0500BABE9A /* Resources */,
				CABBA6D41075EA0500BABE9A /* Sources */,
				CABBA6D51075EA0500BABE9A /* Frameworks */,
				D8F6CA54110D6C64009DADFF /* CopyFiles */,
			);
			buildRules = (
			);
			dependencies = (
				D8B93833114BC7CB006F8CE8 /* PBXTargetDependency */,
				D8B9386B114BCA5F006F8CE8 /* PBXTargetDependency */,
				D8635199114C5C90007B9391 /* PBXTargetDependency */,
			);
			name = SafariExtension;
			productName = SafariExtension;
			productReference = CA5A6906110833FB00BF1BC8 /* SafariExtension.bundle */;
			productType = "com.apple.product-type.bundle";
		};
		D8F6C97D110D6AE8009DADFF /* BundleInjector */ = {
			isa = PBXNativeTarget;
			buildConfigurationList = D8F6C983110D6AF9009DADFF /* Build configuration list for PBXNativeTarget "BundleInjector" */;
			buildPhases = (
				D8F6C97A110D6AE8009DADFF /* Headers */,
				D8F6C97B110D6AE8009DADFF /* Sources */,
				D8F6C97C110D6AE8009DADFF /* Frameworks */,
			);
			buildRules = (
			);
			dependencies = (
			);
			name = BundleInjector;
			productName = BundleInjector;
			productReference = D8F6C97E110D6AE8009DADFF /* BundleInjector.dylib */;
			productType = "com.apple.product-type.library.dynamic";
		};
/* End PBXNativeTarget section */

/* Begin PBXProject section */
		CABBA68C1075E46400BABE9A /* Project object */ = {
			isa = PBXProject;
			buildConfigurationList = CABBA68F1075E46400BABE9A /* Build configuration list for PBXProject "SafariDriver" */;
			compatibilityVersion = "Xcode 2.4";
			hasScannedForEncodings = 0;
			mainGroup = CABBA68A1075E46400BABE9A;
			productRefGroup = CABBA6D81075EA0500BABE9A /* Products */;
			projectDirPath = "";
			projectReferences = (
				{
					ProductGroup = D8B937FD114BC515006F8CE8 /* Products */;
					ProjectRef = CA5A68CF1108261D00BF1BC8 /* CocoaHTTPServerLibrary.xcodeproj */;
				},
				{
					ProductGroup = D8B937E7114BC4FA006F8CE8 /* Products */;
					ProjectRef = CA5DFD561112BD0F00DCE78D /* JSON.xcodeproj */;
				},
			);
			projectRoot = "";
			targets = (
				CABBA6D61075EA0500BABE9A /* SafariExtension */,
				D8F6C97D110D6AE8009DADFF /* BundleInjector */,
			);
		};
/* End PBXProject section */

/* Begin PBXReferenceProxy section */
		D8B937F1114BC4FA006F8CE8 /* JSON.framework */ = {
			isa = PBXReferenceProxy;
			fileType = wrapper.framework;
			path = JSON.framework;
			remoteRef = D8B937F0114BC4FA006F8CE8 /* PBXContainerItemProxy */;
			sourceTree = BUILT_PRODUCTS_DIR;
		};
		D8B937F3114BC4FA006F8CE8 /* Tests.octest */ = {
			isa = PBXReferenceProxy;
			fileType = wrapper.cfbundle;
			path = Tests.octest;
			remoteRef = D8B937F2114BC4FA006F8CE8 /* PBXContainerItemProxy */;
			sourceTree = BUILT_PRODUCTS_DIR;
		};
		D8B937F5114BC4FA006F8CE8 /* libjson.a */ = {
			isa = PBXReferenceProxy;
			fileType = archive.ar;
			path = libjson.a;
			remoteRef = D8B937F4114BC4FA006F8CE8 /* PBXContainerItemProxy */;
			sourceTree = BUILT_PRODUCTS_DIR;
		};
		D8B937F7114BC4FA006F8CE8 /* libjsontests.octest */ = {
			isa = PBXReferenceProxy;
			fileType = wrapper.cfbundle;
			path = libjsontests.octest;
			remoteRef = D8B937F6114BC4FA006F8CE8 /* PBXContainerItemProxy */;
			sourceTree = BUILT_PRODUCTS_DIR;
		};
		D8B937F9114BC4FA006F8CE8 /* bench */ = {
			isa = PBXReferenceProxy;
			fileType = "compiled.mach-o.executable";
			path = bench;
			remoteRef = D8B937F8114BC4FA006F8CE8 /* PBXContainerItemProxy */;
			sourceTree = BUILT_PRODUCTS_DIR;
		};
		D8B93801114BC515006F8CE8 /* libCocoaHTTPServer.a */ = {
			isa = PBXReferenceProxy;
			fileType = archive.ar;
			path = libCocoaHTTPServer.a;
			remoteRef = D8B93800114BC515006F8CE8 /* PBXContainerItemProxy */;
			sourceTree = BUILT_PRODUCTS_DIR;
		};
/* End PBXReferenceProxy section */

/* Begin PBXResourcesBuildPhase section */
		CABBA6D31075EA0500BABE9A /* Resources */ = {
			isa = PBXResourcesBuildPhase;
			buildActionMask = 2147483647;
			files = (
			);
			runOnlyForDeploymentPostprocessing = 0;
		};
/* End PBXResourcesBuildPhase section */

/* Begin PBXSourcesBuildPhase section */
		CABBA6D41075EA0500BABE9A /* Sources */ = {
			isa = PBXSourcesBuildPhase;
			buildActionMask = 2147483647;
			files = (
				CA5A68AE110825E500BF1BC8 /* SafariExtension.m in Sources */,
				D8635313114CE51F007B9391 /* SessionRoot.m in Sources */,
				D8635316114CE52C007B9391 /* Session.m in Sources */,
				D8635319114CE544007B9391 /* Session+ExecuteScript.m in Sources */,
				D8635326114CE568007B9391 /* Attribute.m in Sources */,
				D8635327114CE568007B9391 /* Cookie.m in Sources */,
				D8635328114CE568007B9391 /* Element.m in Sources */,
				D8635329114CE568007B9391 /* Element+FindElement.m in Sources */,
				D863532A114CE568007B9391 /* ElementStore.m in Sources */,
				D863532B114CE568007B9391 /* ElementStore+FindElement.m in Sources */,
				D8635333114CE5EB007B9391 /* RESTServiceMapping.m in Sources */,
				D8635336114CE5FD007B9391 /* HTTPVirtualDirectory+AccessViewController.m in Sources */,
				D863533B114CE60A007B9391 /* WebDriverResource.m in Sources */,
				D863533C114CE60A007B9391 /* WebDriverResponse.m in Sources */,
				D8635346114CE633007B9391 /* HTTPServerController.m in Sources */,
				D8635349114CE641007B9391 /* HTTPResponse+Utility.m in Sources */,
				D863534C114CE64E007B9391 /* WebDriverUtilities.m in Sources */,
				D863534F114CE664007B9391 /* WebDriverRequestFetcher.m in Sources */,
				D8635366114CE708007B9391 /* HTTPJSONResponse.m in Sources */,
				D8635369114CE71B007B9391 /* JSONRESTResource.m in Sources */,
				D863543D114CF65D007B9391 /* HTTPPNGResponse.m in Sources */,
				D8635493114CFDFD007B9391 /* WebDriverPreferences.m in Sources */,
				D8635497114CFE07007B9391 /* WebViewController.m in Sources */,
				D8635498114CFE07007B9391 /* WebViewDriverSingleton.m in Sources */,
				D86354A2114CFE23007B9391 /* WebViewControllerCommon.m in Sources */,
				D86354AE114CFE49007B9391 /* HTTPVirtualDirectory+Remove.m in Sources */,
				D86354B3114CFE59007B9391 /* NSException+WebDriver.m in Sources */,
				D86354B4114CFE59007B9391 /* NSURLRequest+IgnoreSSL.m in Sources */,
				D86354C0114CFEA1007B9391 /* WebDriverHTTPConnection.m in Sources */,
				D86354C1114CFEA1007B9391 /* WebDriverHTTPServer.m in Sources */,
			);
			runOnlyForDeploymentPostprocessing = 0;
		};
		D8F6C97B110D6AE8009DADFF /* Sources */ = {
			isa = PBXSourcesBuildPhase;
			buildActionMask = 2147483647;
			files = (
				D8F6C985110D6B19009DADFF /* BundleInjector.m in Sources */,
			);
			runOnlyForDeploymentPostprocessing = 0;
		};
/* End PBXSourcesBuildPhase section */

/* Begin PBXTargetDependency section */
		D8635199114C5C90007B9391 /* PBXTargetDependency */ = {
			isa = PBXTargetDependency;
			name = libjson;
			targetProxy = D8635198114C5C90007B9391 /* PBXContainerItemProxy */;
		};
		D8B93833114BC7CB006F8CE8 /* PBXTargetDependency */ = {
			isa = PBXTargetDependency;
			name = CocoaHTTPServer;
			targetProxy = D8B93832114BC7CB006F8CE8 /* PBXContainerItemProxy */;
		};
		D8B9386B114BCA5F006F8CE8 /* PBXTargetDependency */ = {
			isa = PBXTargetDependency;
			target = D8F6C97D110D6AE8009DADFF /* BundleInjector */;
			targetProxy = D8B9386A114BCA5F006F8CE8 /* PBXContainerItemProxy */;
		};
/* End PBXTargetDependency section */

/* Begin XCBuildConfiguration section */
		CABBA68D1075E46400BABE9A /* Debug */ = {
			isa = XCBuildConfiguration;
			buildSettings = {
				COCOAHTTPSERVER_HEADERS = "$(IPHONE_SHARED_ROOT)/lib/buildtime-src/cocoahttpserver/build/$(CONFIGURATION)$(EFFECTIVE_PLATFORM_NAME)/usr/local/include";
				COPY_PHASE_STRIP = NO;
				IPHONE_SHARED_ROOT = "$(PROJECT_DIR)/../iphone";
				JSON_HEADERS = "$(IPHONE_SHARED_ROOT)/lib/buildtime-src/json-framework/project/Source/";
			};
			name = Debug;
		};
		CABBA68E1075E46400BABE9A /* Release */ = {
			isa = XCBuildConfiguration;
			buildSettings = {
				ARCHS = "$(ARCHS_STANDARD_32_64_BIT_PRE_XCODE_3_1)";
				ARCHS_STANDARD_32_64_BIT_PRE_XCODE_3_1 = "x86_64 i386 ppc";
				COCOAHTTPSERVER_HEADERS = "$(IPHONE_SHARED_ROOT)/lib/buildtime-src/cocoahttpserver/build/$(CONFIGURATION)$(EFFECTIVE_PLATFORM_NAME)/usr/local/include";
				COPY_PHASE_STRIP = YES;
				IPHONE_SHARED_ROOT = "$(PROJECT_DIR)/../iphone";
				JSON_HEADERS = "$(IPHONE_SHARED_ROOT)/lib/buildtime-src/json-framework/project/Source/";
			};
			name = Release;
		};
		CABBA6DB1075EA0600BABE9A /* Debug */ = {
			isa = XCBuildConfiguration;
			buildSettings = {
				ALWAYS_SEARCH_USER_PATHS = NO;
				COPY_PHASE_STRIP = NO;
				FRAMEWORK_SEARCH_PATHS = "$(inherited)";
				GCC_C_LANGUAGE_STANDARD = gnu99;
				GCC_DYNAMIC_NO_PIC = NO;
				GCC_ENABLE_FIX_AND_CONTINUE = YES;
				GCC_MODEL_TUNING = G5;
				GCC_OPTIMIZATION_LEVEL = 0;
				GCC_PRECOMPILE_PREFIX_HEADER = YES;
				GCC_PREFIX_HEADER = "$(SYSTEM_LIBRARY_DIR)/Frameworks/AppKit.framework/Headers/AppKit.h";
				HEADER_SEARCH_PATHS = (
					"${JSON_HEADERS}/**",
					"${COCOAHTTPSERVER_HEADERS}/**",
				);
				INFOPLIST_FILE = "SafariExtension-Info.plist";
				INSTALL_PATH = "$(HOME)/Library/Bundles";
				LIBRARY_SEARCH_PATHS = (
					"$(inherited)",
					"$(LIBRARY_SEARCH_PATHS_QUOTED_FOR_TARGET_1)",
				);
				LIBRARY_SEARCH_PATHS_QUOTED_FOR_TARGET_1 = "\"$(SRCROOT)/build/Release\"";
				OTHER_LDFLAGS = (
					"-framework",
					Foundation,
					"-framework",
					AppKit,
					"-ObjC",
					"-all_load",
				);
				PREBINDING = NO;
				PRODUCT_NAME = SafariExtension;
				WRAPPER_EXTENSION = bundle;
			};
			name = Debug;
		};
		CABBA6DC1075EA0600BABE9A /* Release */ = {
			isa = XCBuildConfiguration;
			buildSettings = {
				ALWAYS_SEARCH_USER_PATHS = NO;
				COPY_PHASE_STRIP = YES;
				DEBUG_INFORMATION_FORMAT = "dwarf-with-dsym";
				FRAMEWORK_SEARCH_PATHS = "$(inherited)";
				GCC_C_LANGUAGE_STANDARD = gnu99;
				GCC_ENABLE_FIX_AND_CONTINUE = NO;
				GCC_MODEL_TUNING = G5;
				GCC_PRECOMPILE_PREFIX_HEADER = YES;
				GCC_PREFIX_HEADER = "$(SYSTEM_LIBRARY_DIR)/Frameworks/AppKit.framework/Headers/AppKit.h";
				HEADER_SEARCH_PATHS = (
					"${JSON_HEADERS}",
					"${COCOAHTTPSERVER_HEADERS}",
				);
				INFOPLIST_FILE = "SafariExtension-Info.plist";
				INSTALL_PATH = "$(HOME)/Library/Bundles";
				LIBRARY_SEARCH_PATHS = (
					"$(inherited)",
					"$(LIBRARY_SEARCH_PATHS_QUOTED_FOR_TARGET_1)",
				);
				LIBRARY_SEARCH_PATHS_QUOTED_FOR_TARGET_1 = "\"$(SRCROOT)/build/Release\"";
				OTHER_LDFLAGS = (
					"-framework",
					Foundation,
					"-framework",
					AppKit,
					"-ObjC",
					"-all_load",
				);
				PREBINDING = NO;
				PRODUCT_NAME = SafariExtension;
				WRAPPER_EXTENSION = bundle;
				ZERO_LINK = NO;
			};
			name = Release;
		};
		D8F6C97F110D6AE9009DADFF /* Debug */ = {
			isa = XCBuildConfiguration;
			buildSettings = {
				ALWAYS_SEARCH_USER_PATHS = NO;
				COPY_PHASE_STRIP = NO;
				DYLIB_COMPATIBILITY_VERSION = 1;
				DYLIB_CURRENT_VERSION = 1;
				GCC_DYNAMIC_NO_PIC = NO;
				GCC_ENABLE_FIX_AND_CONTINUE = YES;
				GCC_MODEL_TUNING = G5;
				GCC_OPTIMIZATION_LEVEL = 0;
				GCC_PRECOMPILE_PREFIX_HEADER = YES;
				GCC_PREFIX_HEADER = "$(SYSTEM_LIBRARY_DIR)/Frameworks/AppKit.framework/Headers/AppKit.h";
				INSTALL_PATH = /usr/local/lib;
				OTHER_LDFLAGS = (
					"-framework",
					Foundation,
					"-framework",
					AppKit,
				);
				PREBINDING = NO;
				PRODUCT_NAME = BundleInjector;
			};
			name = Debug;
		};
		D8F6C980110D6AE9009DADFF /* Release */ = {
			isa = XCBuildConfiguration;
			buildSettings = {
				ALWAYS_SEARCH_USER_PATHS = NO;
				COPY_PHASE_STRIP = YES;
				DEBUG_INFORMATION_FORMAT = "dwarf-with-dsym";
				DYLIB_COMPATIBILITY_VERSION = 1;
				DYLIB_CURRENT_VERSION = 1;
				GCC_ENABLE_FIX_AND_CONTINUE = NO;
				GCC_MODEL_TUNING = G5;
				GCC_PRECOMPILE_PREFIX_HEADER = YES;
				GCC_PREFIX_HEADER = "$(SYSTEM_LIBRARY_DIR)/Frameworks/AppKit.framework/Headers/AppKit.h";
				INSTALL_PATH = /usr/local/lib;
				OTHER_LDFLAGS = (
					"-framework",
					Foundation,
					"-framework",
					AppKit,
				);
				PREBINDING = NO;
				PRODUCT_NAME = BundleInjector;
				ZERO_LINK = NO;
			};
			name = Release;
		};
/* End XCBuildConfiguration section */

/* Begin XCConfigurationList section */
		CABBA68F1075E46400BABE9A /* Build configuration list for PBXProject "SafariDriver" */ = {
			isa = XCConfigurationList;
			buildConfigurations = (
				CABBA68D1075E46400BABE9A /* Debug */,
				CABBA68E1075E46400BABE9A /* Release */,
			);
			defaultConfigurationIsVisible = 0;
			defaultConfigurationName = Release;
		};
		CABBA6DD1075EA0600BABE9A /* Build configuration list for PBXNativeTarget "SafariExtension" */ = {
			isa = XCConfigurationList;
			buildConfigurations = (
				CABBA6DB1075EA0600BABE9A /* Debug */,
				CABBA6DC1075EA0600BABE9A /* Release */,
			);
			defaultConfigurationIsVisible = 0;
			defaultConfigurationName = Release;
		};
		D8F6C983110D6AF9009DADFF /* Build configuration list for PBXNativeTarget "BundleInjector" */ = {
			isa = XCConfigurationList;
			buildConfigurations = (
				D8F6C97F110D6AE9009DADFF /* Debug */,
				D8F6C980110D6AE9009DADFF /* Release */,
			);
			defaultConfigurationIsVisible = 0;
			defaultConfigurationName = Release;
		};
/* End XCConfigurationList section */
	};
	rootObject = CABBA68C1075E46400BABE9A /* Project object */;
}
